{
  "object": {
    "pins": [
      {
        "package": "RespondableTextField",
        "repositoryURL": "https://github.com/aaronLab/RespondableTextField",
        "state": {
          "branch": null,
          "revision": "0ec7cadd8b8e9c5e9a42414c370597d97b8a07b1",
          "version": "1.0.0"
        }
      }
    ]
  },
  "version": 1
}
