// !$*UTF8*$!
{
	archiveVersion = 1;
	classes = {
	};
	objectVersion = 50;
	objects = {

/* Begin PBXBuildFile section */
		A4E4F3772563ED0600F4B688 /* CustomNavBarApp.swift in Sources */ = {isa = PBXBuildFile; fileRef = A4E4F3762563ED0600F4B688 /* CustomNavBarApp.swift */; };
		A4E4F3792563ED0600F4B688 /* HomeView.swift in Sources */ = {isa = PBXBuildFile; fileRef = A4E4F3782563ED0600F4B688 /* HomeView.swift */; };
		A4E4F37B2563ED0700F4B688 /* Assets.xcassets in Resources */ = {isa = PBXBuildFile; fileRef = A4E4F37A2563ED0700F4B688 /* Assets.xcassets */; };
		A4E4F37E2563ED0700F4B688 /* Preview Assets.xcassets in Resources */ = {isa = PBXBuildFile; fileRef = A4E4F37D2563ED0700F4B688 /* Preview Assets.xcassets */; };
		A4E4F3892563ED0700F4B688 /* CustomNavBarTests.swift in Sources */ = {isa = PBXBuildFile; fileRef = A4E4F3882563ED0700F4B688 /* CustomNavBarTests.swift */; };
		A4E4F3942563ED0700F4B688 /* CustomNavBarUITests.swift in Sources */ = {isa = PBXBuildFile; fileRef = A4E4F3932563ED0700F4B688 /* CustomNavBarUITests.swift */; };
		A4E4F3A82563ED9200F4B688 /* ChildView.swift in Sources */ = {isa = PBXBuildFile; fileRef = A4E4F3A72563ED9200F4B688 /* ChildView.swift */; };
		A4E4F3AD2563EDA900F4B688 /* NavBarModifier.swift in Sources */ = {isa = PBXBuildFile; fileRef = A4E4F3AC2563EDA900F4B688 /* NavBarModifier.swift */; };
		A4E4F3B22563EE8C00F4B688 /* View+Extension.swift in Sources */ = {isa = PBXBuildFile; fileRef = A4E4F3B12563EE8C00F4B688 /* View+Extension.swift */; };
/* End PBXBuildFile section */

/* Begin PBXContainerItemProxy section */
		A4E4F3852563ED0700F4B688 /* PBXContainerItemProxy */ = {
			isa = PBXContainerItemProxy;
			containerPortal = A4E4F36B2563ED0600F4B688 /* Project object */;
			proxyType = 1;
			remoteGlobalIDString = A4E4F3722563ED0600F4B688;
			remoteInfo = CustomNavBar;
		};
		A4E4F3902563ED0700F4B688 /* PBXContainerItemProxy */ = {
			isa = PBXContainerItemProxy;
			containerPortal = A4E4F36B2563ED0600F4B688 /* Project object */;
			proxyType = 1;
			remoteGlobalIDString = A4E4F3722563ED0600F4B688;
			remoteInfo = CustomNavBar;
		};
/* End PBXContainerItemProxy section */

/* Begin PBXFileReference section */
		A4E4F3732563ED0600F4B688 /* CustomNavBar.app */ = {isa = PBXFileReference; explicitFileType = wrapper.application; includeInIndex = 0; path = CustomNavBar.app; sourceTree = BUILT_PRODUCTS_DIR; };
		A4E4F3762563ED0600F4B688 /* CustomNavBarApp.swift */ = {isa = PBXFileReference; lastKnownFileType = sourcecode.swift; path = CustomNavBarApp.swift; sourceTree = "<group>"; };
		A4E4F3782563ED0600F4B688 /* HomeView.swift */ = {isa = PBXFileReference; lastKnownFileType = sourcecode.swift; path = HomeView.swift; sourceTree = "<group>"; };
		A4E4F37A2563ED0700F4B688 /* Assets.xcassets */ = {isa = PBXFileReference; lastKnownFileType = folder.assetcatalog; path = Assets.xcassets; sourceTree = "<group>"; };
		A4E4F37D2563ED0700F4B688 /* Preview Assets.xcassets */ = {isa = PBXFileReference; lastKnownFileType = folder.assetcatalog; path = "Preview Assets.xcassets"; sourceTree = "<group>"; };
		A4E4F37F2563ED0700F4B688 /* Info.plist */ = {isa = PBXFileReference; lastKnownFileType = text.plist.xml; path = Info.plist; sourceTree = "<group>"; };
		A4E4F3842563ED0700F4B688 /* CustomNavBarTests.xctest */ = {isa = PBXFileReference; explicitFileType = wrapper.cfbundle; includeInIndex = 0; path = CustomNavBarTests.xctest; sourceTree = BUILT_PRODUCTS_DIR; };
		A4E4F3882563ED0700F4B688 /* CustomNavBarTests.swift */ = {isa = PBXFileReference; lastKnownFileType = sourcecode.swift; path = CustomNavBarTests.swift; sourceTree = "<group>"; };
		A4E4F38A2563ED0700F4B688 /* Info.plist */ = {isa = PBXFileReference; lastKnownFileType = text.plist.xml; path = Info.plist; sourceTree = "<group>"; };
		A4E4F38F2563ED0700F4B688 /* CustomNavBarUITests.xctest */ = {isa = PBXFileReference; explicitFileType = wrapper.cfbundle; includeInIndex = 0; path = CustomNavBarUITests.xctest; sourceTree = BUILT_PRODUCTS_DIR; };
		A4E4F3932563ED0700F4B688 /* CustomNavBarUITests.swift */ = {isa = PBXFileReference; lastKnownFileType = sourcecode.swift; path = CustomNavBarUITests.swift; sourceTree = "<group>"; };
		A4E4F3952563ED0700F4B688 /* Info.plist */ = {isa = PBXFileReference; lastKnownFileType = text.plist.xml; path = Info.plist; sourceTree = "<group>"; };
		A4E4F3A72563ED9200F4B688 /* ChildView.swift */ = {isa = PBXFileReference; lastKnownFileType = sourcecode.swift; path = ChildView.swift; sourceTree = "<group>"; };
		A4E4F3AC2563EDA900F4B688 /* NavBarModifier.swift */ = {isa = PBXFileReference; lastKnownFileType = sourcecode.swift; path = NavBarModifier.swift; sourceTree = "<group>"; };
		A4E4F3B12563EE8C00F4B688 /* View+Extension.swift */ = {isa = PBXFileReference; lastKnownFileType = sourcecode.swift; path = "View+Extension.swift"; sourceTree = "<group>"; };
/* End PBXFileReference section */

/* Begin PBXFrameworksBuildPhase section */
		A4E4F3702563ED0600F4B688 /* Frameworks */ = {
			isa = PBXFrameworksBuildPhase;
			buildActionMask = 2147483647;
			files = (
			);
			runOnlyForDeploymentPostprocessing = 0;
		};
		A4E4F3812563ED0700F4B688 /* Frameworks */ = {
			isa = PBXFrameworksBuildPhase;
			buildActionMask = 2147483647;
			files = (
			);
			runOnlyForDeploymentPostprocessing = 0;
		};
		A4E4F38C2563ED0700F4B688 /* Frameworks */ = {
			isa = PBXFrameworksBuildPhase;
			buildActionMask = 2147483647;
			files = (
			);
			runOnlyForDeploymentPostprocessing = 0;
		};
/* End PBXFrameworksBuildPhase section */

/* Begin PBXGroup section */
		A4E4F36A2563ED0600F4B688 = {
			isa = PBXGroup;
			children = (
				A4E4F3752563ED0600F4B688 /* CustomNavBar */,
				A4E4F3872563ED0700F4B688 /* CustomNavBarTests */,
				A4E4F3922563ED0700F4B688 /* CustomNavBarUITests */,
				A4E4F3742563ED0600F4B688 /* Products */,
			);
			sourceTree = "<group>";
		};
		A4E4F3742563ED0600F4B688 /* Products */ = {
			isa = PBXGroup;
			children = (
				A4E4F3732563ED0600F4B688 /* CustomNavBar.app */,
				A4E4F3842563ED0700F4B688 /* CustomNavBarTests.xctest */,
				A4E4F38F2563ED0700F4B688 /* CustomNavBarUITests.xctest */,
			);
			name = Products;
			sourceTree = "<group>";
		};
		A4E4F3752563ED0600F4B688 /* CustomNavBar */ = {
			isa = PBXGroup;
			children = (
				A4E4F3762563ED0600F4B688 /* CustomNavBarApp.swift */,
				A4E4F3782563ED0600F4B688 /* HomeView.swift */,
				A4E4F3A72563ED9200F4B688 /* ChildView.swift */,
				A4E4F3AC2563EDA900F4B688 /* NavBarModifier.swift */,
				A4E4F3B12563EE8C00F4B688 /* View+Extension.swift */,
				A4E4F37A2563ED0700F4B688 /* Assets.xcassets */,
				A4E4F37F2563ED0700F4B688 /* Info.plist */,
				A4E4F37C2563ED0700F4B688 /* Preview Content */,
			);
			path = CustomNavBar;
			sourceTree = "<group>";
		};
		A4E4F37C2563ED0700F4B688 /* Preview Content */ = {
			isa = PBXGroup;
			children = (
				A4E4F37D2563ED0700F4B688 /* Preview Assets.xcassets */,
			);
			path = "Preview Content";
			sourceTree = "<group>";
		};
		A4E4F3872563ED0700F4B688 /* CustomNavBarTests */ = {
			isa = PBXGroup;
			children = (
				A4E4F3882563ED0700F4B688 /* CustomNavBarTests.swift */,
				A4E4F38A2563ED0700F4B688 /* Info.plist */,
			);
			path = CustomNavBarTests;
			sourceTree = "<group>";
		};
		A4E4F3922563ED0700F4B688 /* CustomNavBarUITests */ = {
			isa = PBXGroup;
			children = (
				A4E4F3932563ED0700F4B688 /* CustomNavBarUITests.swift */,
				A4E4F3952563ED0700F4B688 /* Info.plist */,
			);
			path = CustomNavBarUITests;
			sourceTree = "<group>";
		};
/* End PBXGroup section */

/* Begin PBXNativeTarget section */
		A4E4F3722563ED0600F4B688 /* CustomNavBar */ = {
			isa = PBXNativeTarget;
			buildConfigurationList = A4E4F3982563ED0700F4B688 /* Build configuration list for PBXNativeTarget "CustomNavBar" */;
			buildPhases = (
				A4E4F36F2563ED0600F4B688 /* Sources */,
				A4E4F3702563ED0600F4B688 /* Frameworks */,
				A4E4F3712563ED0600F4B688 /* Resources */,
			);
			buildRules = (
			);
			dependencies = (
			);
			name = CustomNavBar;
			productName = CustomNavBar;
			productReference = A4E4F3732563ED0600F4B688 /* CustomNavBar.app */;
			productType = "com.apple.product-type.application";
		};
		A4E4F3832563ED0700F4B688 /* CustomNavBarTests */ = {
			isa = PBXNativeTarget;
			buildConfigurationList = A4E4F39B2563ED0700F4B688 /* Build configuration list for PBXNativeTarget "CustomNavBarTests" */;
			buildPhases = (
				A4E4F3802563ED0700F4B688 /* Sources */,
				A4E4F3812563ED0700F4B688 /* Frameworks */,
				A4E4F3822563ED0700F4B688 /* Resources */,
			);
			buildRules = (
			);
			dependencies = (
				A4E4F3862563ED0700F4B688 /* PBXTargetDependency */,
			);
			name = CustomNavBarTests;
			productName = CustomNavBarTests;
			productReference = A4E4F3842563ED0700F4B688 /* CustomNavBarTests.xctest */;
			productType = "com.apple.product-type.bundle.unit-test";
		};
		A4E4F38E2563ED0700F4B688 /* CustomNavBarUITests */ = {
			isa = PBXNativeTarget;
			buildConfigurationList = A4E4F39E2563ED0700F4B688 /* Build configuration list for PBXNativeTarget "CustomNavBarUITests" */;
			buildPhases = (
				A4E4F38B2563ED0700F4B688 /* Sources */,
				A4E4F38C2563ED0700F4B688 /* Frameworks */,
				A4E4F38D2563ED0700F4B688 /* Resources */,
			);
			buildRules = (
			);
			dependencies = (
				A4E4F3912563ED0700F4B688 /* PBXTargetDependency */,
			);
			name = CustomNavBarUITests;
			productName = CustomNavBarUITests;
			productReference = A4E4F38F2563ED0700F4B688 /* CustomNavBarUITests.xctest */;
			productType = "com.apple.product-type.bundle.ui-testing";
		};
/* End PBXNativeTarget section */

/* Begin PBXProject section */
		A4E4F36B2563ED0600F4B688 /* Project object */ = {
			isa = PBXProject;
			attributes = {
				LastSwiftUpdateCheck = 1220;
				LastUpgradeCheck = 1220;
				TargetAttributes = {
					A4E4F3722563ED0600F4B688 = {
						CreatedOnToolsVersion = 12.2;
					};
					A4E4F3832563ED0700F4B688 = {
						CreatedOnToolsVersion = 12.2;
						TestTargetID = A4E4F3722563ED0600F4B688;
					};
					A4E4F38E2563ED0700F4B688 = {
						CreatedOnToolsVersion = 12.2;
						TestTargetID = A4E4F3722563ED0600F4B688;
					};
				};
			};
			buildConfigurationList = A4E4F36E2563ED0600F4B688 /* Build configuration list for PBXProject "CustomNavBar" */;
			compatibilityVersion = "Xcode 9.3";
			developmentRegion = en;
			hasScannedForEncodings = 0;
			knownRegions = (
				en,
				Base,
			);
			mainGroup = A4E4F36A2563ED0600F4B688;
			productRefGroup = A4E4F3742563ED0600F4B688 /* Products */;
			projectDirPath = "";
			projectRoot = "";
			targets = (
				A4E4F3722563ED0600F4B688 /* CustomNavBar */,
				A4E4F3832563ED0700F4B688 /* CustomNavBarTests */,
				A4E4F38E2563ED0700F4B688 /* CustomNavBarUITests */,
			);
		};
/* End PBXProject section */

/* Begin PBXResourcesBuildPhase section */
		A4E4F3712563ED0600F4B688 /* Resources */ = {
			isa = PBXResourcesBuildPhase;
			buildActionMask = 2147483647;
			files = (
				A4E4F37E2563ED0700F4B688 /* Preview Assets.xcassets in Resources */,
				A4E4F37B2563ED0700F4B688 /* Assets.xcassets in Resources */,
			);
			runOnlyForDeploymentPostprocessing = 0;
		};
		A4E4F3822563ED0700F4B688 /* Resources */ = {
			isa = PBXResourcesBuildPhase;
			buildActionMask = 2147483647;
			files = (
			);
			runOnlyForDeploymentPostprocessing = 0;
		};
		A4E4F38D2563ED0700F4B688 /* Resources */ = {
			isa = PBXResourcesBuildPhase;
			buildActionMask = 2147483647;
			files = (
			);
			runOnlyForDeploymentPostprocessing = 0;
		};
/* End PBXResourcesBuildPhase section */

/* Begin PBXSourcesBuildPhase section */
		A4E4F36F2563ED0600F4B688 /* Sources */ = {
			isa = PBXSourcesBuildPhase;
			buildActionMask = 2147483647;
			files = (
				A4E4F3AD2563EDA900F4B688 /* NavBarModifier.swift in Sources */,
				A4E4F3792563ED0600F4B688 /* HomeView.swift in Sources */,
				A4E4F3B22563EE8C00F4B688 /* View+Extension.swift in Sources */,
				A4E4F3772563ED0600F4B688 /* CustomNavBarApp.swift in Sources */,
				A4E4F3A82563ED9200F4B688 /* ChildView.swift in Sources */,
			);
			runOnlyForDeploymentPostprocessing = 0;
		};
		A4E4F3802563ED0700F4B688 /* Sources */ = {
			isa = PBXSourcesBuildPhase;
			buildActionMask = 2147483647;
			files = (
				A4E4F3892563ED0700F4B688 /* CustomNavBarTests.swift in Sources */,
			);
			runOnlyForDeploymentPostprocessing = 0;
		};
		A4E4F38B2563ED0700F4B688 /* Sources */ = {
			isa = PBXSourcesBuildPhase;
			buildActionMask = 2147483647;
			files = (
				A4E4F3942563ED0700F4B688 /* CustomNavBarUITests.swift in Sources */,
			);
			runOnlyForDeploymentPostprocessing = 0;
		};
/* End PBXSourcesBuildPhase section */

/* Begin PBXTargetDependency section */
		A4E4F3862563ED0700F4B688 /* PBXTargetDependency */ = {
			isa = PBXTargetDependency;
			target = A4E4F3722563ED0600F4B688 /* CustomNavBar */;
			targetProxy = A4E4F3852563ED0700F4B688 /* PBXContainerItemProxy */;
		};
		A4E4F3912563ED0700F4B688 /* PBXTargetDependency */ = {
			isa = PBXTargetDependency;
			target = A4E4F3722563ED0600F4B688 /* CustomNavBar */;
			targetProxy = A4E4F3902563ED0700F4B688 /* PBXContainerItemProxy */;
		};
/* End PBXTargetDependency section */

/* Begin XCBuildConfiguration section */
		A4E4F3962563ED0700F4B688 /* Debug */ = {
			isa = XCBuildConfiguration;
			buildSettings = {
				ALWAYS_SEARCH_USER_PATHS = NO;
				CLANG_ANALYZER_NONNULL = YES;
				CLANG_ANALYZER_NUMBER_OBJECT_CONVERSION = YES_AGGRESSIVE;
				CLANG_CXX_LANGUAGE_STANDARD = "gnu++14";
				CLANG_CXX_LIBRARY = "libc++";
				CLANG_ENABLE_MODULES = YES;
				CLANG_ENABLE_OBJC_ARC = YES;
				CLANG_ENABLE_OBJC_WEAK = YES;
				CLANG_WARN_BLOCK_CAPTURE_AUTORELEASING = YES;
				CLANG_WARN_BOOL_CONVERSION = YES;
				CLANG_WARN_COMMA = YES;
				CLANG_WARN_CONSTANT_CONVERSION = YES;
				CLANG_WARN_DEPRECATED_OBJC_IMPLEMENTATIONS = YES;
				CLANG_WARN_DIRECT_OBJC_ISA_USAGE = YES_ERROR;
				CLANG_WARN_DOCUMENTATION_COMMENTS = YES;
				CLANG_WARN_EMPTY_BODY = YES;
				CLANG_WARN_ENUM_CONVERSION = YES;
				CLANG_WARN_INFINITE_RECURSION = YES;
				CLANG_WARN_INT_CONVERSION = YES;
				CLANG_WARN_NON_LITERAL_NULL_CONVERSION = YES;
				CLANG_WARN_OBJC_IMPLICIT_RETAIN_SELF = YES;
				CLANG_WARN_OBJC_LITERAL_CONVERSION = YES;
				CLANG_WARN_OBJC_ROOT_CLASS = YES_ERROR;
				CLANG_WARN_QUOTED_INCLUDE_IN_FRAMEWORK_HEADER = YES;
				CLANG_WARN_RANGE_LOOP_ANALYSIS = YES;
				CLANG_WARN_STRICT_PROTOTYPES = YES;
				CLANG_WARN_SUSPICIOUS_MOVE = YES;
				CLANG_WARN_UNGUARDED_AVAILABILITY = YES_AGGRESSIVE;
				CLANG_WARN_UNREACHABLE_CODE = YES;
				CLANG_WARN__DUPLICATE_METHOD_MATCH = YES;
				COPY_PHASE_STRIP = NO;
				DEBUG_INFORMATION_FORMAT = dwarf;
				ENABLE_STRICT_OBJC_MSGSEND = YES;
				ENABLE_TESTABILITY = YES;
				GCC_C_LANGUAGE_STANDARD = gnu11;
				GCC_DYNAMIC_NO_PIC = NO;
				GCC_NO_COMMON_BLOCKS = YES;
				GCC_OPTIMIZATION_LEVEL = 0;
				GCC_PREPROCESSOR_DEFINITIONS = (
					"DEBUG=1",
					"$(inherited)",
				);
				GCC_WARN_64_TO_32_BIT_CONVERSION = YES;
				GCC_WARN_ABOUT_RETURN_TYPE = YES_ERROR;
				GCC_WARN_UNDECLARED_SELECTOR = YES;
				GCC_WARN_UNINITIALIZED_AUTOS = YES_AGGRESSIVE;
				GCC_WARN_UNUSED_FUNCTION = YES;
				GCC_WARN_UNUSED_VARIABLE = YES;
				IPHONEOS_DEPLOYMENT_TARGET = 14.2;
				MTL_ENABLE_DEBUG_INFO = INCLUDE_SOURCE;
				MTL_FAST_MATH = YES;
				ONLY_ACTIVE_ARCH = YES;
				SDKROOT = iphoneos;
				SWIFT_ACTIVE_COMPILATION_CONDITIONS = DEBUG;
				SWIFT_OPTIMIZATION_LEVEL = "-Onone";
			};
			name = Debug;
		};
		A4E4F3972563ED0700F4B688 /* Release */ = {
			isa = XCBuildConfiguration;
			buildSettings = {
				ALWAYS_SEARCH_USER_PATHS = NO;
				CLANG_ANALYZER_NONNULL = YES;
				CLANG_ANALYZER_NUMBER_OBJECT_CONVERSION = YES_AGGRESSIVE;
				CLANG_CXX_LANGUAGE_STANDARD = "gnu++14";
				CLANG_CXX_LIBRARY = "libc++";
				CLANG_ENABLE_MODULES = YES;
				CLANG_ENABLE_OBJC_ARC = YES;
				CLANG_ENABLE_OBJC_WEAK = YES;
				CLANG_WARN_BLOCK_CAPTURE_AUTORELEASING = YES;
				CLANG_WARN_BOOL_CONVERSION = YES;
				CLANG_WARN_COMMA = YES;
				CLANG_WARN_CONSTANT_CONVERSION = YES;
				CLANG_WARN_DEPRECATED_OBJC_IMPLEMENTATIONS = YES;
				CLANG_WARN_DIRECT_OBJC_ISA_USAGE = YES_ERROR;
				CLANG_WARN_DOCUMENTATION_COMMENTS = YES;
				CLANG_WARN_EMPTY_BODY = YES;
				CLANG_WARN_ENUM_CONVERSION = YES;
				CLANG_WARN_INFINITE_RECURSION = YES;
				CLANG_WARN_INT_CONVERSION = YES;
				CLANG_WARN_NON_LITERAL_NULL_CONVERSION = YES;
				CLANG_WARN_OBJC_IMPLICIT_RETAIN_SELF = YES;
				CLANG_WARN_OBJC_LITERAL_CONVERSION = YES;
				CLANG_WARN_OBJC_ROOT_CLASS = YES_ERROR;
				CLANG_WARN_QUOTED_INCLUDE_IN_FRAMEWORK_HEADER = YES;
				CLANG_WARN_RANGE_LOOP_ANALYSIS = YES;
				CLANG_WARN_STRICT_PROTOTYPES = YES;
				CLANG_WARN_SUSPICIOUS_MOVE = YES;
				CLANG_WARN_UNGUARDED_AVAILABILITY = YES_AGGRESSIVE;
				CLANG_WARN_UNREACHABLE_CODE = YES;
				CLANG_WARN__DUPLICATE_METHOD_MATCH = YES;
				COPY_PHASE_STRIP = NO;
				DEBUG_INFORMATION_FORMAT = "dwarf-with-dsym";
				ENABLE_NS_ASSERTIONS = NO;
				ENABLE_STRICT_OBJC_MSGSEND = YES;
				GCC_C_LANGUAGE_STANDARD = gnu11;
				GCC_NO_COMMON_BLOCKS = YES;
				GCC_WARN_64_TO_32_BIT_CONVERSION = YES;
				GCC_WARN_ABOUT_RETURN_TYPE = YES_ERROR;
				GCC_WARN_UNDECLARED_SELECTOR = YES;
				GCC_WARN_UNINITIALIZED_AUTOS = YES_AGGRESSIVE;
				GCC_WARN_UNUSED_FUNCTION = YES;
				GCC_WARN_UNUSED_VARIABLE = YES;
				IPHONEOS_DEPLOYMENT_TARGET = 14.2;
				MTL_ENABLE_DEBUG_INFO = NO;
				MTL_FAST_MATH = YES;
				SDKROOT = iphoneos;
				SWIFT_COMPILATION_MODE = wholemodule;
				SWIFT_OPTIMIZATION_LEVEL = "-O";
				VALIDATE_PRODUCT = YES;
			};
			name = Release;
		};
		A4E4F3992563ED0700F4B688 /* Debug */ = {
			isa = XCBuildConfiguration;
			buildSettings = {
				ASSETCATALOG_COMPILER_APPICON_NAME = AppIcon;
				ASSETCATALOG_COMPILER_GLOBAL_ACCENT_COLOR_NAME = AccentColor;
				CODE_SIGN_STYLE = Automatic;
				DEVELOPMENT_ASSET_PATHS = "\"CustomNavBar/Preview Content\"";
				DEVELOPMENT_TEAM = 6U769Q36UT;
				ENABLE_PREVIEWS = YES;
				INFOPLIST_FILE = CustomNavBar/Info.plist;
				IPHONEOS_DEPLOYMENT_TARGET = 14.0;
				LD_RUNPATH_SEARCH_PATHS = (
					"$(inherited)",
					"@executable_path/Frameworks",
				);
				PRODUCT_BUNDLE_IDENTIFIER = net.aaronlab.CustomNavBar;
				PRODUCT_NAME = "$(TARGET_NAME)";
				SWIFT_VERSION = 5.0;
				TARGETED_DEVICE_FAMILY = "1,2";
			};
			name = Debug;
		};
		A4E4F39A2563ED0700F4B688 /* Release */ = {
			isa = XCBuildConfiguration;
			buildSettings = {
				ASSETCATALOG_COMPILER_APPICON_NAME = AppIcon;
				ASSETCATALOG_COMPILER_GLOBAL_ACCENT_COLOR_NAME = AccentColor;
				CODE_SIGN_STYLE = Automatic;
				DEVELOPMENT_ASSET_PATHS = "\"CustomNavBar/Preview Content\"";
				DEVELOPMENT_TEAM = 6U769Q36UT;
				ENABLE_PREVIEWS = YES;
				INFOPLIST_FILE = CustomNavBar/Info.plist;
				IPHONEOS_DEPLOYMENT_TARGET = 14.0;
				LD_RUNPATH_SEARCH_PATHS = (
					"$(inherited)",
					"@executable_path/Frameworks",
				);
				PRODUCT_BUNDLE_IDENTIFIER = net.aaronlab.CustomNavBar;
				PRODUCT_NAME = "$(TARGET_NAME)";
				SWIFT_VERSION = 5.0;
				TARGETED_DEVICE_FAMILY = "1,2";
			};
			name = Release;
		};
		A4E4F39C2563ED0700F4B688 /* Debug */ = {
			isa = XCBuildConfiguration;
			buildSettings = {
				ALWAYS_EMBED_SWIFT_STANDARD_LIBRARIES = YES;
				BUNDLE_LOADER = "$(TEST_HOST)";
				CODE_SIGN_STYLE = Automatic;
				DEVELOPMENT_TEAM = 6U769Q36UT;
				INFOPLIST_FILE = CustomNavBarTests/Info.plist;
				IPHONEOS_DEPLOYMENT_TARGET = 14.0;
				LD_RUNPATH_SEARCH_PATHS = (
					"$(inherited)",
					"@executable_path/Frameworks",
					"@loader_path/Frameworks",
				);
				PRODUCT_BUNDLE_IDENTIFIER = net.aaronlab.CustomNavBarTests;
				PRODUCT_NAME = "$(TARGET_NAME)";
				SWIFT_VERSION = 5.0;
				TARGETED_DEVICE_FAMILY = "1,2";
				TEST_HOST = "$(BUILT_PRODUCTS_DIR)/CustomNavBar.app/CustomNavBar";
			};
			name = Debug;
		};
		A4E4F39D2563ED0700F4B688 /* Release */ = {
			isa = XCBuildConfiguration;
			buildSettings = {
				ALWAYS_EMBED_SWIFT_STANDARD_LIBRARIES = YES;
				BUNDLE_LOADER = "$(TEST_HOST)";
				CODE_SIGN_STYLE = Automatic;
				DEVELOPMENT_TEAM = 6U769Q36UT;
				INFOPLIST_FILE = CustomNavBarTests/Info.plist;
				IPHONEOS_DEPLOYMENT_TARGET = 14.0;
				LD_RUNPATH_SEARCH_PATHS = (
					"$(inherited)",
					"@executable_path/Frameworks",
					"@loader_path/Frameworks",
				);
				PRODUCT_BUNDLE_IDENTIFIER = net.aaronlab.CustomNavBarTests;
				PRODUCT_NAME = "$(TARGET_NAME)";
				SWIFT_VERSION = 5.0;
				TARGETED_DEVICE_FAMILY = "1,2";
				TEST_HOST = "$(BUILT_PRODUCTS_DIR)/CustomNavBar.app/CustomNavBar";
			};
			name = Release;
		};
		A4E4F39F2563ED0700F4B688 /* Debug */ = {
			isa = XCBuildConfiguration;
			buildSettings = {
				ALWAYS_EMBED_SWIFT_STANDARD_LIBRARIES = YES;
				CODE_SIGN_STYLE = Automatic;
				DEVELOPMENT_TEAM = 6U769Q36UT;
				INFOPLIST_FILE = CustomNavBarUITests/Info.plist;
				LD_RUNPATH_SEARCH_PATHS = (
					"$(inherited)",
					"@executable_path/Frameworks",
					"@loader_path/Frameworks",
				);
				PRODUCT_BUNDLE_IDENTIFIER = net.aaronlab.CustomNavBarUITests;
				PRODUCT_NAME = "$(TARGET_NAME)";
				SWIFT_VERSION = 5.0;
				TARGETED_DEVICE_FAMILY = "1,2";
				TEST_TARGET_NAME = CustomNavBar;
			};
			name = Debug;
		};
		A4E4F3A02563ED0700F4B688 /* Release */ = {
			isa = XCBuildConfiguration;
			buildSettings = {
				ALWAYS_EMBED_SWIFT_STANDARD_LIBRARIES = YES;
				CODE_SIGN_STYLE = Automatic;
				DEVELOPMENT_TEAM = 6U769Q36UT;
				INFOPLIST_FILE = CustomNavBarUITests/Info.plist;
				LD_RUNPATH_SEARCH_PATHS = (
					"$(inherited)",
					"@executable_path/Frameworks",
					"@loader_path/Frameworks",
				);
				PRODUCT_BUNDLE_IDENTIFIER = net.aaronlab.CustomNavBarUITests;
				PRODUCT_NAME = "$(TARGET_NAME)";
				SWIFT_VERSION = 5.0;
				TARGETED_DEVICE_FAMILY = "1,2";
				TEST_TARGET_NAME = CustomNavBar;
			};
			name = Release;
		};
/* End XCBuildConfiguration section */

/* Begin XCConfigurationList section */
		A4E4F36E2563ED0600F4B688 /* Build configuration list for PBXProject "CustomNavBar" */ = {
			isa = XCConfigurationList;
			buildConfigurations = (
				A4E4F3962563ED0700F4B688 /* Debug */,
				A4E4F3972563ED0700F4B688 /* Release */,
			);
			defaultConfigurationIsVisible = 0;
			defaultConfigurationName = Release;
		};
		A4E4F3982563ED0700F4B688 /* Build configuration list for PBXNativeTarget "CustomNavBar" */ = {
			isa = XCConfigurationList;
			buildConfigurations = (
				A4E4F3992563ED0700F4B688 /* Debug */,
				A4E4F39A2563ED0700F4B688 /* Release */,
			);
			defaultConfigurationIsVisible = 0;
			defaultConfigurationName = Release;
		};
		A4E4F39B2563ED0700F4B688 /* Build configuration list for PBXNativeTarget "CustomNavBarTests" */ = {
			isa = XCConfigurationList;
			buildConfigurations = (
				A4E4F39C2563ED0700F4B688 /* Debug */,
				A4E4F39D2563ED0700F4B688 /* Release */,
			);
			defaultConfigurationIsVisible = 0;
			defaultConfigurationName = Release;
		};
		A4E4F39E2563ED0700F4B688 /* Build configuration list for PBXNativeTarget "CustomNavBarUITests" */ = {
			isa = XCConfigurationList;
			buildConfigurations = (
				A4E4F39F2563ED0700F4B688 /* Debug */,
				A4E4F3A02563ED0700F4B688 /* Release */,
			);
			defaultConfigurationIsVisible = 0;
			defaultConfigurationName = Release;
		};
/* End XCConfigurationList section */
	};
	rootObject = A4E4F36B2563ED0600F4B688 /* Project object */;
}
