// !$*UTF8*$!
{
	archiveVersion = 1;
	classes = {
	};
	objectVersion = 50;
	objects = {

/* Begin PBXBuildFile section */
		5930D194D2AF579DF44FE938 /* Pods_DatePickerViewExample.framework in Frameworks */ = {isa = PBXBuildFile; fileRef = 86085AE45BC7BF1BDAE6BC9C /* Pods_DatePickerViewExample.framework */; };
		A42B2BAA25AB28E4004326E6 /* DatePickerViewExampleApp.swift in Sources */ = {isa = PBXBuildFile; fileRef = A42B2BA925AB28E4004326E6 /* DatePickerViewExampleApp.swift */; };
		A42B2BAC25AB28E4004326E6 /* ContentView.swift in Sources */ = {isa = PBXBuildFile; fileRef = A42B2BAB25AB28E4004326E6 /* ContentView.swift */; };
		A42B2BAE25AB28E5004326E6 /* Assets.xcassets in Resources */ = {isa = PBXBuildFile; fileRef = A42B2BAD25AB28E5004326E6 /* Assets.xcassets */; };
		A42B2BB125AB28E5004326E6 /* Preview Assets.xcassets in Resources */ = {isa = PBXBuildFile; fileRef = A42B2BB025AB28E5004326E6 /* Preview Assets.xcassets */; };
/* End PBXBuildFile section */

/* Begin PBXFileReference section */
		2EE2225BFB2779473DCFBCD3 /* Pods-DatePickerViewExample.debug.xcconfig */ = {isa = PBXFileReference; includeInIndex = 1; lastKnownFileType = text.xcconfig; name = "Pods-DatePickerViewExample.debug.xcconfig"; path = "Target Support Files/Pods-DatePickerViewExample/Pods-DatePickerViewExample.debug.xcconfig"; sourceTree = "<group>"; };
		3A7962597F58BBE29754E204 /* Pods-DatePickerViewExample.release.xcconfig */ = {isa = PBXFileReference; includeInIndex = 1; lastKnownFileType = text.xcconfig; name = "Pods-DatePickerViewExample.release.xcconfig"; path = "Target Support Files/Pods-DatePickerViewExample/Pods-DatePickerViewExample.release.xcconfig"; sourceTree = "<group>"; };
		86085AE45BC7BF1BDAE6BC9C /* Pods_DatePickerViewExample.framework */ = {isa = PBXFileReference; explicitFileType = wrapper.framework; includeInIndex = 0; path = Pods_DatePickerViewExample.framework; sourceTree = BUILT_PRODUCTS_DIR; };
		A42B2BA625AB28E4004326E6 /* DatePickerViewExample.app */ = {isa = PBXFileReference; explicitFileType = wrapper.application; includeInIndex = 0; path = DatePickerViewExample.app; sourceTree = BUILT_PRODUCTS_DIR; };
		A42B2BA925AB28E4004326E6 /* DatePickerViewExampleApp.swift */ = {isa = PBXFileReference; lastKnownFileType = sourcecode.swift; path = DatePickerViewExampleApp.swift; sourceTree = "<group>"; };
		A42B2BAB25AB28E4004326E6 /* ContentView.swift */ = {isa = PBXFileReference; lastKnownFileType = sourcecode.swift; path = ContentView.swift; sourceTree = "<group>"; };
		A42B2BAD25AB28E5004326E6 /* Assets.xcassets */ = {isa = PBXFileReference; lastKnownFileType = folder.assetcatalog; path = Assets.xcassets; sourceTree = "<group>"; };
		A42B2BB025AB28E5004326E6 /* Preview Assets.xcassets */ = {isa = PBXFileReference; lastKnownFileType = folder.assetcatalog; path = "Preview Assets.xcassets"; sourceTree = "<group>"; };
		A42B2BB225AB28E5004326E6 /* Info.plist */ = {isa = PBXFileReference; lastKnownFileType = text.plist.xml; path = Info.plist; sourceTree = "<group>"; };
/* End PBXFileReference section */

/* Begin PBXFrameworksBuildPhase section */
		A42B2BA325AB28E4004326E6 /* Frameworks */ = {
			isa = PBXFrameworksBuildPhase;
			buildActionMask = 2147483647;
			files = (
				5930D194D2AF579DF44FE938 /* Pods_DatePickerViewExample.framework in Frameworks */,
			);
			runOnlyForDeploymentPostprocessing = 0;
		};
/* End PBXFrameworksBuildPhase section */

/* Begin PBXGroup section */
		A42B2B9D25AB28E4004326E6 = {
			isa = PBXGroup;
			children = (
				A42B2BA825AB28E4004326E6 /* DatePickerViewExample */,
				A42B2BA725AB28E4004326E6 /* Products */,
				B4490C011760AAB266636682 /* Pods */,
				B386928D27B7CEAEE8ABB636 /* Frameworks */,
			);
			sourceTree = "<group>";
		};
		A42B2BA725AB28E4004326E6 /* Products */ = {
			isa = PBXGroup;
			children = (
				A42B2BA625AB28E4004326E6 /* DatePickerViewExample.app */,
			);
			name = Products;
			sourceTree = "<group>";
		};
		A42B2BA825AB28E4004326E6 /* DatePickerViewExample */ = {
			isa = PBXGroup;
			children = (
				A42B2BA925AB28E4004326E6 /* DatePickerViewExampleApp.swift */,
				A42B2BAB25AB28E4004326E6 /* ContentView.swift */,
				A42B2BAD25AB28E5004326E6 /* Assets.xcassets */,
				A42B2BB225AB28E5004326E6 /* Info.plist */,
				A42B2BAF25AB28E5004326E6 /* Preview Content */,
			);
			path = DatePickerViewExample;
			sourceTree = "<group>";
		};
		A42B2BAF25AB28E5004326E6 /* Preview Content */ = {
			isa = PBXGroup;
			children = (
				A42B2BB025AB28E5004326E6 /* Preview Assets.xcassets */,
			);
			path = "Preview Content";
			sourceTree = "<group>";
		};
		B386928D27B7CEAEE8ABB636 /* Frameworks */ = {
			isa = PBXGroup;
			children = (
				86085AE45BC7BF1BDAE6BC9C /* Pods_DatePickerViewExample.framework */,
			);
			name = Frameworks;
			sourceTree = "<group>";
		};
		B4490C011760AAB266636682 /* Pods */ = {
			isa = PBXGroup;
			children = (
				2EE2225BFB2779473DCFBCD3 /* Pods-DatePickerViewExample.debug.xcconfig */,
				3A7962597F58BBE29754E204 /* Pods-DatePickerViewExample.release.xcconfig */,
			);
			name = Pods;
			path = Pods;
			sourceTree = "<group>";
		};
/* End PBXGroup section */

/* Begin PBXNativeTarget section */
		A42B2BA525AB28E4004326E6 /* DatePickerViewExample */ = {
			isa = PBXNativeTarget;
			buildConfigurationList = A42B2BB525AB28E5004326E6 /* Build configuration list for PBXNativeTarget "DatePickerViewExample" */;
			buildPhases = (
				69E40111DB562B353A46F4AC /* [CP] Check Pods Manifest.lock */,
				A42B2BA225AB28E4004326E6 /* Sources */,
				A42B2BA325AB28E4004326E6 /* Frameworks */,
				A42B2BA425AB28E4004326E6 /* Resources */,
				E73CD60E9DF1A7F1C2530BBC /* [CP] Embed Pods Frameworks */,
			);
			buildRules = (
			);
			dependencies = (
			);
			name = DatePickerViewExample;
			productName = DatePickerViewExample;
			productReference = A42B2BA625AB28E4004326E6 /* DatePickerViewExample.app */;
			productType = "com.apple.product-type.application";
		};
/* End PBXNativeTarget section */

/* Begin PBXProject section */
		A42B2B9E25AB28E4004326E6 /* Project object */ = {
			isa = PBXProject;
			attributes = {
				LastSwiftUpdateCheck = 1230;
				LastUpgradeCheck = 1230;
				TargetAttributes = {
					A42B2BA525AB28E4004326E6 = {
						CreatedOnToolsVersion = 12.3;
					};
				};
			};
			buildConfigurationList = A42B2BA125AB28E4004326E6 /* Build configuration list for PBXProject "DatePickerViewExample" */;
			compatibilityVersion = "Xcode 9.3";
			developmentRegion = en;
			hasScannedForEncodings = 0;
			knownRegions = (
				en,
				Base,
			);
			mainGroup = A42B2B9D25AB28E4004326E6;
			productRefGroup = A42B2BA725AB28E4004326E6 /* Products */;
			projectDirPath = "";
			projectRoot = "";
			targets = (
				A42B2BA525AB28E4004326E6 /* DatePickerViewExample */,
			);
		};
/* End PBXProject section */

/* Begin PBXResourcesBuildPhase section */
		A42B2BA425AB28E4004326E6 /* Resources */ = {
			isa = PBXResourcesBuildPhase;
			buildActionMask = 2147483647;
			files = (
				A42B2BB125AB28E5004326E6 /* Preview Assets.xcassets in Resources */,
				A42B2BAE25AB28E5004326E6 /* Assets.xcassets in Resources */,
			);
			runOnlyForDeploymentPostprocessing = 0;
		};
/* End PBXResourcesBuildPhase section */

/* Begin PBXShellScriptBuildPhase section */
		69E40111DB562B353A46F4AC /* [CP] Check Pods Manifest.lock */ = {
			isa = PBXShellScriptBuildPhase;
			buildActionMask = 2147483647;
			files = (
			);
			inputFileListPaths = (
			);
			inputPaths = (
				"${PODS_PODFILE_DIR_PATH}/Podfile.lock",
				"${PODS_ROOT}/Manifest.lock",
			);
			name = "[CP] Check Pods Manifest.lock";
			outputFileListPaths = (
			);
			outputPaths = (
				"$(DERIVED_FILE_DIR)/Pods-DatePickerViewExample-checkManifestLockResult.txt",
			);
			runOnlyForDeploymentPostprocessing = 0;
			shellPath = /bin/sh;
			shellScript = "diff \"${PODS_PODFILE_DIR_PATH}/Podfile.lock\" \"${PODS_ROOT}/Manifest.lock\" > /dev/null\nif [ $? != 0 ] ; then\n    # print error to STDERR\n    echo \"error: The sandbox is not in sync with the Podfile.lock. Run 'pod install' or update your CocoaPods installation.\" >&2\n    exit 1\nfi\n# This output is used by Xcode 'outputs' to avoid re-running this script phase.\necho \"SUCCESS\" > \"${SCRIPT_OUTPUT_FILE_0}\"\n";
			showEnvVarsInLog = 0;
		};
		E73CD60E9DF1A7F1C2530BBC /* [CP] Embed Pods Frameworks */ = {
			isa = PBXShellScriptBuildPhase;
			buildActionMask = 2147483647;
			files = (
			);
			inputFileListPaths = (
				"${PODS_ROOT}/Target Support Files/Pods-DatePickerViewExample/Pods-DatePickerViewExample-frameworks-${CONFIGURATION}-input-files.xcfilelist",
			);
			name = "[CP] Embed Pods Frameworks";
			outputFileListPaths = (
				"${PODS_ROOT}/Target Support Files/Pods-DatePickerViewExample/Pods-DatePickerViewExample-frameworks-${CONFIGURATION}-output-files.xcfilelist",
			);
			runOnlyForDeploymentPostprocessing = 0;
			shellPath = /bin/sh;
			shellScript = "\"${PODS_ROOT}/Target Support Files/Pods-DatePickerViewExample/Pods-DatePickerViewExample-frameworks.sh\"\n";
			showEnvVarsInLog = 0;
		};
/* End PBXShellScriptBuildPhase section */

/* Begin PBXSourcesBuildPhase section */
		A42B2BA225AB28E4004326E6 /* Sources */ = {
			isa = PBXSourcesBuildPhase;
			buildActionMask = 2147483647;
			files = (
				A42B2BAC25AB28E4004326E6 /* ContentView.swift in Sources */,
				A42B2BAA25AB28E4004326E6 /* DatePickerViewExampleApp.swift in Sources */,
			);
			runOnlyForDeploymentPostprocessing = 0;
		};
/* End PBXSourcesBuildPhase section */

/* Begin XCBuildConfiguration section */
		A42B2BB325AB28E5004326E6 /* Debug */ = {
			isa = XCBuildConfiguration;
			buildSettings = {
				ALWAYS_SEARCH_USER_PATHS = NO;
				CLANG_ANALYZER_NONNULL = YES;
				CLANG_ANALYZER_NUMBER_OBJECT_CONVERSION = YES_AGGRESSIVE;
				CLANG_CXX_LANGUAGE_STANDARD = "gnu++14";
				CLANG_CXX_LIBRARY = "libc++";
				CLANG_ENABLE_MODULES = YES;
				CLANG_ENABLE_OBJC_ARC = YES;
				CLANG_ENABLE_OBJC_WEAK = YES;
				CLANG_WARN_BLOCK_CAPTURE_AUTORELEASING = YES;
				CLANG_WARN_BOOL_CONVERSION = YES;
				CLANG_WARN_COMMA = YES;
				CLANG_WARN_CONSTANT_CONVERSION = YES;
				CLANG_WARN_DEPRECATED_OBJC_IMPLEMENTATIONS = YES;
				CLANG_WARN_DIRECT_OBJC_ISA_USAGE = YES_ERROR;
				CLANG_WARN_DOCUMENTATION_COMMENTS = YES;
				CLANG_WARN_EMPTY_BODY = YES;
				CLANG_WARN_ENUM_CONVERSION = YES;
				CLANG_WARN_INFINITE_RECURSION = YES;
				CLANG_WARN_INT_CONVERSION = YES;
				CLANG_WARN_NON_LITERAL_NULL_CONVERSION = YES;
				CLANG_WARN_OBJC_IMPLICIT_RETAIN_SELF = YES;
				CLANG_WARN_OBJC_LITERAL_CONVERSION = YES;
				CLANG_WARN_OBJC_ROOT_CLASS = YES_ERROR;
				CLANG_WARN_QUOTED_INCLUDE_IN_FRAMEWORK_HEADER = YES;
				CLANG_WARN_RANGE_LOOP_ANALYSIS = YES;
				CLANG_WARN_STRICT_PROTOTYPES = YES;
				CLANG_WARN_SUSPICIOUS_MOVE = YES;
				CLANG_WARN_UNGUARDED_AVAILABILITY = YES_AGGRESSIVE;
				CLANG_WARN_UNREACHABLE_CODE = YES;
				CLANG_WARN__DUPLICATE_METHOD_MATCH = YES;
				COPY_PHASE_STRIP = NO;
				DEBUG_INFORMATION_FORMAT = dwarf;
				ENABLE_STRICT_OBJC_MSGSEND = YES;
				ENABLE_TESTABILITY = YES;
				GCC_C_LANGUAGE_STANDARD = gnu11;
				GCC_DYNAMIC_NO_PIC = NO;
				GCC_NO_COMMON_BLOCKS = YES;
				GCC_OPTIMIZATION_LEVEL = 0;
				GCC_PREPROCESSOR_DEFINITIONS = (
					"DEBUG=1",
					"$(inherited)",
				);
				GCC_WARN_64_TO_32_BIT_CONVERSION = YES;
				GCC_WARN_ABOUT_RETURN_TYPE = YES_ERROR;
				GCC_WARN_UNDECLARED_SELECTOR = YES;
				GCC_WARN_UNINITIALIZED_AUTOS = YES_AGGRESSIVE;
				GCC_WARN_UNUSED_FUNCTION = YES;
				GCC_WARN_UNUSED_VARIABLE = YES;
				IPHONEOS_DEPLOYMENT_TARGET = 14.3;
				MTL_ENABLE_DEBUG_INFO = INCLUDE_SOURCE;
				MTL_FAST_MATH = YES;
				ONLY_ACTIVE_ARCH = YES;
				SDKROOT = iphoneos;
				SWIFT_ACTIVE_COMPILATION_CONDITIONS = DEBUG;
				SWIFT_OPTIMIZATION_LEVEL = "-Onone";
			};
			name = Debug;
		};
		A42B2BB425AB28E5004326E6 /* Release */ = {
			isa = XCBuildConfiguration;
			buildSettings = {
				ALWAYS_SEARCH_USER_PATHS = NO;
				CLANG_ANALYZER_NONNULL = YES;
				CLANG_ANALYZER_NUMBER_OBJECT_CONVERSION = YES_AGGRESSIVE;
				CLANG_CXX_LANGUAGE_STANDARD = "gnu++14";
				CLANG_CXX_LIBRARY = "libc++";
				CLANG_ENABLE_MODULES = YES;
				CLANG_ENABLE_OBJC_ARC = YES;
				CLANG_ENABLE_OBJC_WEAK = YES;
				CLANG_WARN_BLOCK_CAPTURE_AUTORELEASING = YES;
				CLANG_WARN_BOOL_CONVERSION = YES;
				CLANG_WARN_COMMA = YES;
				CLANG_WARN_CONSTANT_CONVERSION = YES;
				CLANG_WARN_DEPRECATED_OBJC_IMPLEMENTATIONS = YES;
				CLANG_WARN_DIRECT_OBJC_ISA_USAGE = YES_ERROR;
				CLANG_WARN_DOCUMENTATION_COMMENTS = YES;
				CLANG_WARN_EMPTY_BODY = YES;
				CLANG_WARN_ENUM_CONVERSION = YES;
				CLANG_WARN_INFINITE_RECURSION = YES;
				CLANG_WARN_INT_CONVERSION = YES;
				CLANG_WARN_NON_LITERAL_NULL_CONVERSION = YES;
				CLANG_WARN_OBJC_IMPLICIT_RETAIN_SELF = YES;
				CLANG_WARN_OBJC_LITERAL_CONVERSION = YES;
				CLANG_WARN_OBJC_ROOT_CLASS = YES_ERROR;
				CLANG_WARN_QUOTED_INCLUDE_IN_FRAMEWORK_HEADER = YES;
				CLANG_WARN_RANGE_LOOP_ANALYSIS = YES;
				CLANG_WARN_STRICT_PROTOTYPES = YES;
				CLANG_WARN_SUSPICIOUS_MOVE = YES;
				CLANG_WARN_UNGUARDED_AVAILABILITY = YES_AGGRESSIVE;
				CLANG_WARN_UNREACHABLE_CODE = YES;
				CLANG_WARN__DUPLICATE_METHOD_MATCH = YES;
				COPY_PHASE_STRIP = NO;
				DEBUG_INFORMATION_FORMAT = "dwarf-with-dsym";
				ENABLE_NS_ASSERTIONS = NO;
				ENABLE_STRICT_OBJC_MSGSEND = YES;
				GCC_C_LANGUAGE_STANDARD = gnu11;
				GCC_NO_COMMON_BLOCKS = YES;
				GCC_WARN_64_TO_32_BIT_CONVERSION = YES;
				GCC_WARN_ABOUT_RETURN_TYPE = YES_ERROR;
				GCC_WARN_UNDECLARED_SELECTOR = YES;
				GCC_WARN_UNINITIALIZED_AUTOS = YES_AGGRESSIVE;
				GCC_WARN_UNUSED_FUNCTION = YES;
				GCC_WARN_UNUSED_VARIABLE = YES;
				IPHONEOS_DEPLOYMENT_TARGET = 14.3;
				MTL_ENABLE_DEBUG_INFO = NO;
				MTL_FAST_MATH = YES;
				SDKROOT = iphoneos;
				SWIFT_COMPILATION_MODE = wholemodule;
				SWIFT_OPTIMIZATION_LEVEL = "-O";
				VALIDATE_PRODUCT = YES;
			};
			name = Release;
		};
		A42B2BB625AB28E5004326E6 /* Debug */ = {
			isa = XCBuildConfiguration;
			baseConfigurationReference = 2EE2225BFB2779473DCFBCD3 /* Pods-DatePickerViewExample.debug.xcconfig */;
			buildSettings = {
				ASSETCATALOG_COMPILER_APPICON_NAME = AppIcon;
				ASSETCATALOG_COMPILER_GLOBAL_ACCENT_COLOR_NAME = AccentColor;
				CODE_SIGN_STYLE = Automatic;
				DEVELOPMENT_ASSET_PATHS = "\"DatePickerViewExample/Preview Content\"";
				DEVELOPMENT_TEAM = 6U769Q36UT;
				ENABLE_PREVIEWS = YES;
				INFOPLIST_FILE = DatePickerViewExample/Info.plist;
				IPHONEOS_DEPLOYMENT_TARGET = 14.0;
				LD_RUNPATH_SEARCH_PATHS = (
					"$(inherited)",
					"@executable_path/Frameworks",
				);
				PRODUCT_BUNDLE_IDENTIFIER = net.aaronlab.DatePickerViewExample;
				PRODUCT_NAME = "$(TARGET_NAME)";
				SWIFT_VERSION = 5.0;
				TARGETED_DEVICE_FAMILY = "1,2";
			};
			name = Debug;
		};
		A42B2BB725AB28E5004326E6 /* Release */ = {
			isa = XCBuildConfiguration;
			baseConfigurationReference = 3A7962597F58BBE29754E204 /* Pods-DatePickerViewExample.release.xcconfig */;
			buildSettings = {
				ASSETCATALOG_COMPILER_APPICON_NAME = AppIcon;
				ASSETCATALOG_COMPILER_GLOBAL_ACCENT_COLOR_NAME = AccentColor;
				CODE_SIGN_STYLE = Automatic;
				DEVELOPMENT_ASSET_PATHS = "\"DatePickerViewExample/Preview Content\"";
				DEVELOPMENT_TEAM = 6U769Q36UT;
				ENABLE_PREVIEWS = YES;
				INFOPLIST_FILE = DatePickerViewExample/Info.plist;
				IPHONEOS_DEPLOYMENT_TARGET = 14.0;
				LD_RUNPATH_SEARCH_PATHS = (
					"$(inherited)",
					"@executable_path/Frameworks",
				);
				PRODUCT_BUNDLE_IDENTIFIER = net.aaronlab.DatePickerViewExample;
				PRODUCT_NAME = "$(TARGET_NAME)";
				SWIFT_VERSION = 5.0;
				TARGETED_DEVICE_FAMILY = "1,2";
			};
			name = Release;
		};
/* End XCBuildConfiguration section */

/* Begin XCConfigurationList section */
		A42B2BA125AB28E4004326E6 /* Build configuration list for PBXProject "DatePickerViewExample" */ = {
			isa = XCConfigurationList;
			buildConfigurations = (
				A42B2BB325AB28E5004326E6 /* Debug */,
				A42B2BB425AB28E5004326E6 /* Release */,
			);
			defaultConfigurationIsVisible = 0;
			defaultConfigurationName = Release;
		};
		A42B2BB525AB28E5004326E6 /* Build configuration list for PBXNativeTarget "DatePickerViewExample" */ = {
			isa = XCConfigurationList;
			buildConfigurations = (
				A42B2BB625AB28E5004326E6 /* Debug */,
				A42B2BB725AB28E5004326E6 /* Release */,
			);
			defaultConfigurationIsVisible = 0;
			defaultConfigurationName = Release;
		};
/* End XCConfigurationList section */
	};
	rootObject = A42B2B9E25AB28E4004326E6 /* Project object */;
}
