// !$*UTF8*$!
{
	archiveVersion = 1;
	classes = {
	};
	objectVersion = 50;
	objects = {

/* Begin PBXBuildFile section */
		A44D462A25A895B000A6F68D /* API.swift in Sources */ = {isa = PBXBuildFile; fileRef = A44D462925A895B000A6F68D /* API.swift */; };
		A44D463425A896D500A6F68D /* NewsHome.swift in Sources */ = {isa = PBXBuildFile; fileRef = A44D463325A896D500A6F68D /* NewsHome.swift */; };
		A44D463825A896DF00A6F68D /* NewsDetail.swift in Sources */ = {isa = PBXBuildFile; fileRef = A44D463725A896DF00A6F68D /* NewsDetail.swift */; };
		A47C6AB225A894B10047741C /* NewsTestAppApp.swift in Sources */ = {isa = PBXBuildFile; fileRef = A47C6AB125A894B10047741C /* NewsTestAppApp.swift */; };
		A47C6AB425A894B10047741C /* ContentView.swift in Sources */ = {isa = PBXBuildFile; fileRef = A47C6AB325A894B10047741C /* ContentView.swift */; };
		A47C6AB625A894B20047741C /* Assets.xcassets in Resources */ = {isa = PBXBuildFile; fileRef = A47C6AB525A894B20047741C /* Assets.xcassets */; };
		A47C6AB925A894B20047741C /* Preview Assets.xcassets in Resources */ = {isa = PBXBuildFile; fileRef = A47C6AB825A894B20047741C /* Preview Assets.xcassets */; };
/* End PBXBuildFile section */

/* Begin PBXFileReference section */
		A44D462925A895B000A6F68D /* API.swift */ = {isa = PBXFileReference; lastKnownFileType = sourcecode.swift; path = API.swift; sourceTree = "<group>"; };
		A44D463325A896D500A6F68D /* NewsHome.swift */ = {isa = PBXFileReference; lastKnownFileType = sourcecode.swift; path = NewsHome.swift; sourceTree = "<group>"; };
		A44D463725A896DF00A6F68D /* NewsDetail.swift */ = {isa = PBXFileReference; lastKnownFileType = sourcecode.swift; path = NewsDetail.swift; sourceTree = "<group>"; };
		A47C6AAE25A894B10047741C /* NewsTestApp.app */ = {isa = PBXFileReference; explicitFileType = wrapper.application; includeInIndex = 0; path = NewsTestApp.app; sourceTree = BUILT_PRODUCTS_DIR; };
		A47C6AB125A894B10047741C /* NewsTestAppApp.swift */ = {isa = PBXFileReference; lastKnownFileType = sourcecode.swift; path = NewsTestAppApp.swift; sourceTree = "<group>"; };
		A47C6AB325A894B10047741C /* ContentView.swift */ = {isa = PBXFileReference; lastKnownFileType = sourcecode.swift; path = ContentView.swift; sourceTree = "<group>"; };
		A47C6AB525A894B20047741C /* Assets.xcassets */ = {isa = PBXFileReference; lastKnownFileType = folder.assetcatalog; path = Assets.xcassets; sourceTree = "<group>"; };
		A47C6AB825A894B20047741C /* Preview Assets.xcassets */ = {isa = PBXFileReference; lastKnownFileType = folder.assetcatalog; path = "Preview Assets.xcassets"; sourceTree = "<group>"; };
		A47C6ABA25A894B20047741C /* Info.plist */ = {isa = PBXFileReference; lastKnownFileType = text.plist.xml; path = Info.plist; sourceTree = "<group>"; };
/* End PBXFileReference section */

/* Begin PBXFrameworksBuildPhase section */
		A47C6AAB25A894B10047741C /* Frameworks */ = {
			isa = PBXFrameworksBuildPhase;
			buildActionMask = 2147483647;
			files = (
			);
			runOnlyForDeploymentPostprocessing = 0;
		};
/* End PBXFrameworksBuildPhase section */

/* Begin PBXGroup section */
		A44D462C25A8963D00A6F68D /* Application */ = {
			isa = PBXGroup;
			children = (
				A47C6AB125A894B10047741C /* NewsTestAppApp.swift */,
				A47C6AB325A894B10047741C /* ContentView.swift */,
				A47C6AB525A894B20047741C /* Assets.xcassets */,
				A47C6ABA25A894B20047741C /* Info.plist */,
				A47C6AB725A894B20047741C /* Preview Content */,
			);
			name = Application;
			sourceTree = "<group>";
		};
		A44D462E25A8964B00A6F68D /* Views */ = {
			isa = PBXGroup;
			children = (
				A44D463225A896CF00A6F68D /* News */,
			);
			path = Views;
			sourceTree = "<group>";
		};
		A44D462F25A8965100A6F68D /* View Models */ = {
			isa = PBXGroup;
			children = (
			);
			path = "View Models";
			sourceTree = "<group>";
		};
		A44D463025A8965600A6F68D /* Models */ = {
			isa = PBXGroup;
			children = (
			);
			path = Models;
			sourceTree = "<group>";
		};
		A44D463125A8965B00A6F68D /* Core */ = {
			isa = PBXGroup;
			children = (
				A44D463A25A896F900A6F68D /* API */,
			);
			path = Core;
			sourceTree = "<group>";
		};
		A44D463225A896CF00A6F68D /* News */ = {
			isa = PBXGroup;
			children = (
				A44D463325A896D500A6F68D /* NewsHome.swift */,
				A44D463725A896DF00A6F68D /* NewsDetail.swift */,
			);
			path = News;
			sourceTree = "<group>";
		};
		A44D463A25A896F900A6F68D /* API */ = {
			isa = PBXGroup;
			children = (
			);
			path = API;
			sourceTree = "<group>";
		};
		A47C6AA525A894B10047741C = {
			isa = PBXGroup;
			children = (
				A47C6AB025A894B10047741C /* NewsTestApp */,
				A47C6AAF25A894B10047741C /* Products */,
			);
			sourceTree = "<group>";
		};
		A47C6AAF25A894B10047741C /* Products */ = {
			isa = PBXGroup;
			children = (
				A47C6AAE25A894B10047741C /* NewsTestApp.app */,
			);
			name = Products;
			sourceTree = "<group>";
		};
		A47C6AB025A894B10047741C /* NewsTestApp */ = {
			isa = PBXGroup;
			children = (
				A44D462C25A8963D00A6F68D /* Application */,
				A44D462E25A8964B00A6F68D /* Views */,
				A44D462F25A8965100A6F68D /* View Models */,
				A44D463025A8965600A6F68D /* Models */,
				A44D463125A8965B00A6F68D /* Core */,
				A44D462925A895B000A6F68D /* API.swift */,
			);
			path = NewsTestApp;
			sourceTree = "<group>";
		};
		A47C6AB725A894B20047741C /* Preview Content */ = {
			isa = PBXGroup;
			children = (
				A47C6AB825A894B20047741C /* Preview Assets.xcassets */,
			);
			path = "Preview Content";
			sourceTree = "<group>";
		};
/* End PBXGroup section */

/* Begin PBXNativeTarget section */
		A47C6AAD25A894B10047741C /* NewsTestApp */ = {
			isa = PBXNativeTarget;
			buildConfigurationList = A47C6ABD25A894B20047741C /* Build configuration list for PBXNativeTarget "NewsTestApp" */;
			buildPhases = (
				A47C6AAA25A894B10047741C /* Sources */,
				A47C6AAB25A894B10047741C /* Frameworks */,
				A47C6AAC25A894B10047741C /* Resources */,
			);
			buildRules = (
			);
			dependencies = (
			);
			name = NewsTestApp;
			productName = NewsTestApp;
			productReference = A47C6AAE25A894B10047741C /* NewsTestApp.app */;
			productType = "com.apple.product-type.application";
		};
/* End PBXNativeTarget section */

/* Begin PBXProject section */
		A47C6AA625A894B10047741C /* Project object */ = {
			isa = PBXProject;
			attributes = {
				LastSwiftUpdateCheck = 1230;
				LastUpgradeCheck = 1230;
				TargetAttributes = {
					A47C6AAD25A894B10047741C = {
						CreatedOnToolsVersion = 12.3;
					};
				};
			};
			buildConfigurationList = A47C6AA925A894B10047741C /* Build configuration list for PBXProject "NewsTestApp" */;
			compatibilityVersion = "Xcode 9.3";
			developmentRegion = en;
			hasScannedForEncodings = 0;
			knownRegions = (
				en,
				Base,
			);
			mainGroup = A47C6AA525A894B10047741C;
			productRefGroup = A47C6AAF25A894B10047741C /* Products */;
			projectDirPath = "";
			projectRoot = "";
			targets = (
				A47C6AAD25A894B10047741C /* NewsTestApp */,
			);
		};
/* End PBXProject section */

/* Begin PBXResourcesBuildPhase section */
		A47C6AAC25A894B10047741C /* Resources */ = {
			isa = PBXResourcesBuildPhase;
			buildActionMask = 2147483647;
			files = (
				A47C6AB925A894B20047741C /* Preview Assets.xcassets in Resources */,
				A47C6AB625A894B20047741C /* Assets.xcassets in Resources */,
			);
			runOnlyForDeploymentPostprocessing = 0;
		};
/* End PBXResourcesBuildPhase section */

/* Begin PBXSourcesBuildPhase section */
		A47C6AAA25A894B10047741C /* Sources */ = {
			isa = PBXSourcesBuildPhase;
			buildActionMask = 2147483647;
			files = (
				A47C6AB425A894B10047741C /* ContentView.swift in Sources */,
				A44D462A25A895B000A6F68D /* API.swift in Sources */,
				A47C6AB225A894B10047741C /* NewsTestAppApp.swift in Sources */,
				A44D463825A896DF00A6F68D /* NewsDetail.swift in Sources */,
				A44D463425A896D500A6F68D /* NewsHome.swift in Sources */,
			);
			runOnlyForDeploymentPostprocessing = 0;
		};
/* End PBXSourcesBuildPhase section */

/* Begin XCBuildConfiguration section */
		A47C6ABB25A894B20047741C /* Debug */ = {
			isa = XCBuildConfiguration;
			buildSettings = {
				ALWAYS_SEARCH_USER_PATHS = NO;
				CLANG_ANALYZER_NONNULL = YES;
				CLANG_ANALYZER_NUMBER_OBJECT_CONVERSION = YES_AGGRESSIVE;
				CLANG_CXX_LANGUAGE_STANDARD = "gnu++14";
				CLANG_CXX_LIBRARY = "libc++";
				CLANG_ENABLE_MODULES = YES;
				CLANG_ENABLE_OBJC_ARC = YES;
				CLANG_ENABLE_OBJC_WEAK = YES;
				CLANG_WARN_BLOCK_CAPTURE_AUTORELEASING = YES;
				CLANG_WARN_BOOL_CONVERSION = YES;
				CLANG_WARN_COMMA = YES;
				CLANG_WARN_CONSTANT_CONVERSION = YES;
				CLANG_WARN_DEPRECATED_OBJC_IMPLEMENTATIONS = YES;
				CLANG_WARN_DIRECT_OBJC_ISA_USAGE = YES_ERROR;
				CLANG_WARN_DOCUMENTATION_COMMENTS = YES;
				CLANG_WARN_EMPTY_BODY = YES;
				CLANG_WARN_ENUM_CONVERSION = YES;
				CLANG_WARN_INFINITE_RECURSION = YES;
				CLANG_WARN_INT_CONVERSION = YES;
				CLANG_WARN_NON_LITERAL_NULL_CONVERSION = YES;
				CLANG_WARN_OBJC_IMPLICIT_RETAIN_SELF = YES;
				CLANG_WARN_OBJC_LITERAL_CONVERSION = YES;
				CLANG_WARN_OBJC_ROOT_CLASS = YES_ERROR;
				CLANG_WARN_QUOTED_INCLUDE_IN_FRAMEWORK_HEADER = YES;
				CLANG_WARN_RANGE_LOOP_ANALYSIS = YES;
				CLANG_WARN_STRICT_PROTOTYPES = YES;
				CLANG_WARN_SUSPICIOUS_MOVE = YES;
				CLANG_WARN_UNGUARDED_AVAILABILITY = YES_AGGRESSIVE;
				CLANG_WARN_UNREACHABLE_CODE = YES;
				CLANG_WARN__DUPLICATE_METHOD_MATCH = YES;
				COPY_PHASE_STRIP = NO;
				DEBUG_INFORMATION_FORMAT = dwarf;
				ENABLE_STRICT_OBJC_MSGSEND = YES;
				ENABLE_TESTABILITY = YES;
				GCC_C_LANGUAGE_STANDARD = gnu11;
				GCC_DYNAMIC_NO_PIC = NO;
				GCC_NO_COMMON_BLOCKS = YES;
				GCC_OPTIMIZATION_LEVEL = 0;
				GCC_PREPROCESSOR_DEFINITIONS = (
					"DEBUG=1",
					"$(inherited)",
				);
				GCC_WARN_64_TO_32_BIT_CONVERSION = YES;
				GCC_WARN_ABOUT_RETURN_TYPE = YES_ERROR;
				GCC_WARN_UNDECLARED_SELECTOR = YES;
				GCC_WARN_UNINITIALIZED_AUTOS = YES_AGGRESSIVE;
				GCC_WARN_UNUSED_FUNCTION = YES;
				GCC_WARN_UNUSED_VARIABLE = YES;
				IPHONEOS_DEPLOYMENT_TARGET = 14.3;
				MTL_ENABLE_DEBUG_INFO = INCLUDE_SOURCE;
				MTL_FAST_MATH = YES;
				ONLY_ACTIVE_ARCH = YES;
				SDKROOT = iphoneos;
				SWIFT_ACTIVE_COMPILATION_CONDITIONS = DEBUG;
				SWIFT_OPTIMIZATION_LEVEL = "-Onone";
			};
			name = Debug;
		};
		A47C6ABC25A894B20047741C /* Release */ = {
			isa = XCBuildConfiguration;
			buildSettings = {
				ALWAYS_SEARCH_USER_PATHS = NO;
				CLANG_ANALYZER_NONNULL = YES;
				CLANG_ANALYZER_NUMBER_OBJECT_CONVERSION = YES_AGGRESSIVE;
				CLANG_CXX_LANGUAGE_STANDARD = "gnu++14";
				CLANG_CXX_LIBRARY = "libc++";
				CLANG_ENABLE_MODULES = YES;
				CLANG_ENABLE_OBJC_ARC = YES;
				CLANG_ENABLE_OBJC_WEAK = YES;
				CLANG_WARN_BLOCK_CAPTURE_AUTORELEASING = YES;
				CLANG_WARN_BOOL_CONVERSION = YES;
				CLANG_WARN_COMMA = YES;
				CLANG_WARN_CONSTANT_CONVERSION = YES;
				CLANG_WARN_DEPRECATED_OBJC_IMPLEMENTATIONS = YES;
				CLANG_WARN_DIRECT_OBJC_ISA_USAGE = YES_ERROR;
				CLANG_WARN_DOCUMENTATION_COMMENTS = YES;
				CLANG_WARN_EMPTY_BODY = YES;
				CLANG_WARN_ENUM_CONVERSION = YES;
				CLANG_WARN_INFINITE_RECURSION = YES;
				CLANG_WARN_INT_CONVERSION = YES;
				CLANG_WARN_NON_LITERAL_NULL_CONVERSION = YES;
				CLANG_WARN_OBJC_IMPLICIT_RETAIN_SELF = YES;
				CLANG_WARN_OBJC_LITERAL_CONVERSION = YES;
				CLANG_WARN_OBJC_ROOT_CLASS = YES_ERROR;
				CLANG_WARN_QUOTED_INCLUDE_IN_FRAMEWORK_HEADER = YES;
				CLANG_WARN_RANGE_LOOP_ANALYSIS = YES;
				CLANG_WARN_STRICT_PROTOTYPES = YES;
				CLANG_WARN_SUSPICIOUS_MOVE = YES;
				CLANG_WARN_UNGUARDED_AVAILABILITY = YES_AGGRESSIVE;
				CLANG_WARN_UNREACHABLE_CODE = YES;
				CLANG_WARN__DUPLICATE_METHOD_MATCH = YES;
				COPY_PHASE_STRIP = NO;
				DEBUG_INFORMATION_FORMAT = "dwarf-with-dsym";
				ENABLE_NS_ASSERTIONS = NO;
				ENABLE_STRICT_OBJC_MSGSEND = YES;
				GCC_C_LANGUAGE_STANDARD = gnu11;
				GCC_NO_COMMON_BLOCKS = YES;
				GCC_WARN_64_TO_32_BIT_CONVERSION = YES;
				GCC_WARN_ABOUT_RETURN_TYPE = YES_ERROR;
				GCC_WARN_UNDECLARED_SELECTOR = YES;
				GCC_WARN_UNINITIALIZED_AUTOS = YES_AGGRESSIVE;
				GCC_WARN_UNUSED_FUNCTION = YES;
				GCC_WARN_UNUSED_VARIABLE = YES;
				IPHONEOS_DEPLOYMENT_TARGET = 14.3;
				MTL_ENABLE_DEBUG_INFO = NO;
				MTL_FAST_MATH = YES;
				SDKROOT = iphoneos;
				SWIFT_COMPILATION_MODE = wholemodule;
				SWIFT_OPTIMIZATION_LEVEL = "-O";
				VALIDATE_PRODUCT = YES;
			};
			name = Release;
		};
		A47C6ABE25A894B20047741C /* Debug */ = {
			isa = XCBuildConfiguration;
			buildSettings = {
				ASSETCATALOG_COMPILER_APPICON_NAME = AppIcon;
				ASSETCATALOG_COMPILER_GLOBAL_ACCENT_COLOR_NAME = AccentColor;
				CODE_SIGN_STYLE = Automatic;
				DEVELOPMENT_ASSET_PATHS = "\"NewsTestApp/Preview Content\"";
				DEVELOPMENT_TEAM = 6U769Q36UT;
				ENABLE_PREVIEWS = YES;
				INFOPLIST_FILE = NewsTestApp/Info.plist;
				IPHONEOS_DEPLOYMENT_TARGET = 14.0;
				LD_RUNPATH_SEARCH_PATHS = (
					"$(inherited)",
					"@executable_path/Frameworks",
				);
				PRODUCT_BUNDLE_IDENTIFIER = net.aaronlab.NewsTestApp;
				PRODUCT_NAME = "$(TARGET_NAME)";
				SWIFT_VERSION = 5.0;
				TARGETED_DEVICE_FAMILY = "1,2";
			};
			name = Debug;
		};
		A47C6ABF25A894B20047741C /* Release */ = {
			isa = XCBuildConfiguration;
			buildSettings = {
				ASSETCATALOG_COMPILER_APPICON_NAME = AppIcon;
				ASSETCATALOG_COMPILER_GLOBAL_ACCENT_COLOR_NAME = AccentColor;
				CODE_SIGN_STYLE = Automatic;
				DEVELOPMENT_ASSET_PATHS = "\"NewsTestApp/Preview Content\"";
				DEVELOPMENT_TEAM = 6U769Q36UT;
				ENABLE_PREVIEWS = YES;
				INFOPLIST_FILE = NewsTestApp/Info.plist;
				IPHONEOS_DEPLOYMENT_TARGET = 14.0;
				LD_RUNPATH_SEARCH_PATHS = (
					"$(inherited)",
					"@executable_path/Frameworks",
				);
				PRODUCT_BUNDLE_IDENTIFIER = net.aaronlab.NewsTestApp;
				PRODUCT_NAME = "$(TARGET_NAME)";
				SWIFT_VERSION = 5.0;
				TARGETED_DEVICE_FAMILY = "1,2";
			};
			name = Release;
		};
/* End XCBuildConfiguration section */

/* Begin XCConfigurationList section */
		A47C6AA925A894B10047741C /* Build configuration list for PBXProject "NewsTestApp" */ = {
			isa = XCConfigurationList;
			buildConfigurations = (
				A47C6ABB25A894B20047741C /* Debug */,
				A47C6ABC25A894B20047741C /* Release */,
			);
			defaultConfigurationIsVisible = 0;
			defaultConfigurationName = Release;
		};
		A47C6ABD25A894B20047741C /* Build configuration list for PBXNativeTarget "NewsTestApp" */ = {
			isa = XCConfigurationList;
			buildConfigurations = (
				A47C6ABE25A894B20047741C /* Debug */,
				A47C6ABF25A894B20047741C /* Release */,
			);
			defaultConfigurationIsVisible = 0;
			defaultConfigurationName = Release;
		};
/* End XCConfigurationList section */
	};
	rootObject = A47C6AA625A894B10047741C /* Project object */;
}
