// !$*UTF8*$!
{
	archiveVersion = 1;
	classes = {
	};
	objectVersion = 50;
	objects = {

/* Begin PBXBuildFile section */
		A431000A25E68EDC004EF458 /* NewsTestApp.swift in Sources */ = {isa = PBXBuildFile; fileRef = A431000925E68EDC004EF458 /* NewsTestApp.swift */; };
		A431000E25E68EDD004EF458 /* Assets.xcassets in Resources */ = {isa = PBXBuildFile; fileRef = A431000D25E68EDD004EF458 /* Assets.xcassets */; };
		A431001125E68EDD004EF458 /* Preview Assets.xcassets in Resources */ = {isa = PBXBuildFile; fileRef = A431001025E68EDD004EF458 /* Preview Assets.xcassets */; };
		A431001F25E68F58004EF458 /* APIService.swift in Sources */ = {isa = PBXBuildFile; fileRef = A431001E25E68F58004EF458 /* APIService.swift */; };
		A431002325E68F96004EF458 /* APIError.swift in Sources */ = {isa = PBXBuildFile; fileRef = A431002225E68F96004EF458 /* APIError.swift */; };
		A431002625E68FD1004EF458 /* APISession.swift in Sources */ = {isa = PBXBuildFile; fileRef = A431002525E68FD1004EF458 /* APISession.swift */; };
		A431002E25E69139004EF458 /* .gitignore in Resources */ = {isa = PBXBuildFile; fileRef = A431002D25E69139004EF458 /* .gitignore */; };
		A431003525E6919E004EF458 /* TopHeadlinesEndpoint.swift in Sources */ = {isa = PBXBuildFile; fileRef = A431003425E6919E004EF458 /* TopHeadlinesEndpoint.swift */; };
		A431003825E69252004EF458 /* BaseService.swift in Sources */ = {isa = PBXBuildFile; fileRef = A431003725E69252004EF458 /* BaseService.swift */; };
		A431003B25E69760004EF458 /* TopHeadlinesResponse.swift in Sources */ = {isa = PBXBuildFile; fileRef = A431003A25E69760004EF458 /* TopHeadlinesResponse.swift */; };
		A431003E25E69785004EF458 /* TopHeadlinesService.swift in Sources */ = {isa = PBXBuildFile; fileRef = A431003D25E69785004EF458 /* TopHeadlinesService.swift */; };
		A431004125E69827004EF458 /* TopHeadlinesView.swift in Sources */ = {isa = PBXBuildFile; fileRef = A431004025E69827004EF458 /* TopHeadlinesView.swift */; };
		A431004825E69876004EF458 /* TopHeadlinesViewModel.swift in Sources */ = {isa = PBXBuildFile; fileRef = A431004725E69876004EF458 /* TopHeadlinesViewModel.swift */; };
		A4B68D7A25E7332A002B0CD0 /* APIKey.swift in Sources */ = {isa = PBXBuildFile; fileRef = A4B68D7925E7332A002B0CD0 /* APIKey.swift */; };
		A4B68D7E25E73373002B0CD0 /* APIResponse.swift in Sources */ = {isa = PBXBuildFile; fileRef = A4B68D7D25E73373002B0CD0 /* APIResponse.swift */; };
		A4B68D8325E733EE002B0CD0 /* Article.swift in Sources */ = {isa = PBXBuildFile; fileRef = A4B68D8225E733EE002B0CD0 /* Article.swift */; };
		A4B68D8725E7342B002B0CD0 /* Source.swift in Sources */ = {isa = PBXBuildFile; fileRef = A4B68D8625E7342B002B0CD0 /* Source.swift */; };
		A4B68D8B25E734F1002B0CD0 /* NetworkUtil.swift in Sources */ = {isa = PBXBuildFile; fileRef = A4B68D8A25E734F1002B0CD0 /* NetworkUtil.swift */; };
		A4B68D8F25E73806002B0CD0 /* TopHeadlinesCell.swift in Sources */ = {isa = PBXBuildFile; fileRef = A4B68D8E25E73806002B0CD0 /* TopHeadlinesCell.swift */; };
		A4B68D9225E73D54002B0CD0 /* APIStatus.swift in Sources */ = {isa = PBXBuildFile; fileRef = A4B68D9125E73D54002B0CD0 /* APIStatus.swift */; };
/* End PBXBuildFile section */

/* Begin PBXFileReference section */
		A431000625E68EDC004EF458 /* NewsTest.app */ = {isa = PBXFileReference; explicitFileType = wrapper.application; includeInIndex = 0; path = NewsTest.app; sourceTree = BUILT_PRODUCTS_DIR; };
		A431000925E68EDC004EF458 /* NewsTestApp.swift */ = {isa = PBXFileReference; lastKnownFileType = sourcecode.swift; path = NewsTestApp.swift; sourceTree = "<group>"; };
		A431000D25E68EDD004EF458 /* Assets.xcassets */ = {isa = PBXFileReference; lastKnownFileType = folder.assetcatalog; path = Assets.xcassets; sourceTree = "<group>"; };
		A431001025E68EDD004EF458 /* Preview Assets.xcassets */ = {isa = PBXFileReference; lastKnownFileType = folder.assetcatalog; path = "Preview Assets.xcassets"; sourceTree = "<group>"; };
		A431001225E68EDD004EF458 /* Info.plist */ = {isa = PBXFileReference; lastKnownFileType = text.plist.xml; path = Info.plist; sourceTree = "<group>"; };
		A431001E25E68F58004EF458 /* APIService.swift */ = {isa = PBXFileReference; lastKnownFileType = sourcecode.swift; path = APIService.swift; sourceTree = "<group>"; };
		A431002225E68F96004EF458 /* APIError.swift */ = {isa = PBXFileReference; lastKnownFileType = sourcecode.swift; path = APIError.swift; sourceTree = "<group>"; };
		A431002525E68FD1004EF458 /* APISession.swift */ = {isa = PBXFileReference; lastKnownFileType = sourcecode.swift; path = APISession.swift; sourceTree = "<group>"; };
		A431002D25E69139004EF458 /* .gitignore */ = {isa = PBXFileReference; lastKnownFileType = text; path = .gitignore; sourceTree = "<group>"; };
		A431003425E6919E004EF458 /* TopHeadlinesEndpoint.swift */ = {isa = PBXFileReference; lastKnownFileType = sourcecode.swift; path = TopHeadlinesEndpoint.swift; sourceTree = "<group>"; };
		A431003725E69252004EF458 /* BaseService.swift */ = {isa = PBXFileReference; lastKnownFileType = sourcecode.swift; path = BaseService.swift; sourceTree = "<group>"; };
		A431003A25E69760004EF458 /* TopHeadlinesResponse.swift */ = {isa = PBXFileReference; lastKnownFileType = sourcecode.swift; path = TopHeadlinesResponse.swift; sourceTree = "<group>"; };
		A431003D25E69785004EF458 /* TopHeadlinesService.swift */ = {isa = PBXFileReference; lastKnownFileType = sourcecode.swift; path = TopHeadlinesService.swift; sourceTree = "<group>"; };
		A431004025E69827004EF458 /* TopHeadlinesView.swift */ = {isa = PBXFileReference; lastKnownFileType = sourcecode.swift; path = TopHeadlinesView.swift; sourceTree = "<group>"; };
		A431004725E69876004EF458 /* TopHeadlinesViewModel.swift */ = {isa = PBXFileReference; lastKnownFileType = sourcecode.swift; path = TopHeadlinesViewModel.swift; sourceTree = "<group>"; };
		A4B68D7925E7332A002B0CD0 /* APIKey.swift */ = {isa = PBXFileReference; lastKnownFileType = sourcecode.swift; path = APIKey.swift; sourceTree = "<group>"; };
		A4B68D7D25E73373002B0CD0 /* APIResponse.swift */ = {isa = PBXFileReference; lastKnownFileType = sourcecode.swift; path = APIResponse.swift; sourceTree = "<group>"; };
		A4B68D8225E733EE002B0CD0 /* Article.swift */ = {isa = PBXFileReference; lastKnownFileType = sourcecode.swift; path = Article.swift; sourceTree = "<group>"; };
		A4B68D8625E7342B002B0CD0 /* Source.swift */ = {isa = PBXFileReference; lastKnownFileType = sourcecode.swift; path = Source.swift; sourceTree = "<group>"; };
		A4B68D8A25E734F1002B0CD0 /* NetworkUtil.swift */ = {isa = PBXFileReference; lastKnownFileType = sourcecode.swift; path = NetworkUtil.swift; sourceTree = "<group>"; };
		A4B68D8E25E73806002B0CD0 /* TopHeadlinesCell.swift */ = {isa = PBXFileReference; lastKnownFileType = sourcecode.swift; path = TopHeadlinesCell.swift; sourceTree = "<group>"; };
		A4B68D9125E73D54002B0CD0 /* APIStatus.swift */ = {isa = PBXFileReference; lastKnownFileType = sourcecode.swift; path = APIStatus.swift; sourceTree = "<group>"; };
/* End PBXFileReference section */

/* Begin PBXFrameworksBuildPhase section */
		A431000325E68EDC004EF458 /* Frameworks */ = {
			isa = PBXFrameworksBuildPhase;
			buildActionMask = 2147483647;
			files = (
			);
			runOnlyForDeploymentPostprocessing = 0;
		};
/* End PBXFrameworksBuildPhase section */

/* Begin PBXGroup section */
		A431000725E68EDC004EF458 /* Products */ = {
			isa = PBXGroup;
			children = (
				A431000625E68EDC004EF458 /* NewsTest.app */,
			);
			name = Products;
			sourceTree = "<group>";
		};
		A431000825E68EDC004EF458 /* NewsTest */ = {
			isa = PBXGroup;
			children = (
				A431001925E68F07004EF458 /* Application */,
				A4B68D8025E733DC002B0CD0 /* Shared */,
				A431002825E690CD004EF458 /* TopHeadlines */,
				A431001C25E68F2C004EF458 /* Core */,
			);
			path = NewsTest;
			sourceTree = "<group>";
		};
		A431000F25E68EDD004EF458 /* Preview Content */ = {
			isa = PBXGroup;
			children = (
				A431001025E68EDD004EF458 /* Preview Assets.xcassets */,
			);
			path = "Preview Content";
			sourceTree = "<group>";
		};
		A431001925E68F07004EF458 /* Application */ = {
			isa = PBXGroup;
			children = (
				A431000925E68EDC004EF458 /* NewsTestApp.swift */,
				A431000D25E68EDD004EF458 /* Assets.xcassets */,
				A431001225E68EDD004EF458 /* Info.plist */,
				A431000F25E68EDD004EF458 /* Preview Content */,
			);
			name = Application;
			sourceTree = "<group>";
		};
		A431001C25E68F2C004EF458 /* Core */ = {
			isa = PBXGroup;
			children = (
				A4B68D8925E734DF002B0CD0 /* Utils */,
				A431001D25E68F30004EF458 /* API */,
			);
			path = Core;
			sourceTree = "<group>";
		};
		A431001D25E68F30004EF458 /* API */ = {
			isa = PBXGroup;
			children = (
				A431001E25E68F58004EF458 /* APIService.swift */,
				A431002225E68F96004EF458 /* APIError.swift */,
				A431002525E68FD1004EF458 /* APISession.swift */,
				A431003725E69252004EF458 /* BaseService.swift */,
				A4B68D7925E7332A002B0CD0 /* APIKey.swift */,
				A4B68D7D25E73373002B0CD0 /* APIResponse.swift */,
				A4B68D9125E73D54002B0CD0 /* APIStatus.swift */,
			);
			path = API;
			sourceTree = "<group>";
		};
		A431002825E690CD004EF458 /* TopHeadlines */ = {
			isa = PBXGroup;
			children = (
				A431002A25E690EE004EF458 /* View */,
				A431002B25E690F1004EF458 /* View Model */,
				A431002C25E690F6004EF458 /* Model */,
				A431002925E690E8004EF458 /* Service */,
			);
			path = TopHeadlines;
			sourceTree = "<group>";
		};
		A431002925E690E8004EF458 /* Service */ = {
			isa = PBXGroup;
			children = (
				A431003425E6919E004EF458 /* TopHeadlinesEndpoint.swift */,
				A431003D25E69785004EF458 /* TopHeadlinesService.swift */,
			);
			path = Service;
			sourceTree = "<group>";
		};
		A431002A25E690EE004EF458 /* View */ = {
			isa = PBXGroup;
			children = (
				A431004025E69827004EF458 /* TopHeadlinesView.swift */,
				A4B68D8E25E73806002B0CD0 /* TopHeadlinesCell.swift */,
			);
			path = View;
			sourceTree = "<group>";
		};
		A431002B25E690F1004EF458 /* View Model */ = {
			isa = PBXGroup;
			children = (
				A431004725E69876004EF458 /* TopHeadlinesViewModel.swift */,
			);
			path = "View Model";
			sourceTree = "<group>";
		};
		A431002C25E690F6004EF458 /* Model */ = {
			isa = PBXGroup;
			children = (
				A431003A25E69760004EF458 /* TopHeadlinesResponse.swift */,
			);
			path = Model;
			sourceTree = "<group>";
		};
		A431FFFD25E68EDB004EF458 = {
			isa = PBXGroup;
			children = (
				A431002D25E69139004EF458 /* .gitignore */,
				A431000825E68EDC004EF458 /* NewsTest */,
				A431000725E68EDC004EF458 /* Products */,
			);
			sourceTree = "<group>";
		};
		A4B68D8025E733DC002B0CD0 /* Shared */ = {
			isa = PBXGroup;
			children = (
				A4B68D9425E73DEF002B0CD0 /* View */,
				A4B68D8125E733E2002B0CD0 /* Model */,
			);
			path = Shared;
			sourceTree = "<group>";
		};
		A4B68D8125E733E2002B0CD0 /* Model */ = {
			isa = PBXGroup;
			children = (
				A4B68D8225E733EE002B0CD0 /* Article.swift */,
				A4B68D8625E7342B002B0CD0 /* Source.swift */,
			);
			path = Model;
			sourceTree = "<group>";
		};
		A4B68D8925E734DF002B0CD0 /* Utils */ = {
			isa = PBXGroup;
			children = (
				A4B68D8A25E734F1002B0CD0 /* NetworkUtil.swift */,
			);
			path = Utils;
			sourceTree = "<group>";
		};
		A4B68D9425E73DEF002B0CD0 /* View */ = {
			isa = PBXGroup;
			children = (
			);
			path = View;
			sourceTree = "<group>";
		};
/* End PBXGroup section */

/* Begin PBXNativeTarget section */
		A431000525E68EDC004EF458 /* NewsTest */ = {
			isa = PBXNativeTarget;
			buildConfigurationList = A431001525E68EDD004EF458 /* Build configuration list for PBXNativeTarget "NewsTest" */;
			buildPhases = (
				A431000225E68EDC004EF458 /* Sources */,
				A431000325E68EDC004EF458 /* Frameworks */,
				A431000425E68EDC004EF458 /* Resources */,
			);
			buildRules = (
			);
			dependencies = (
			);
			name = NewsTest;
			productName = NewsTest;
			productReference = A431000625E68EDC004EF458 /* NewsTest.app */;
			productType = "com.apple.product-type.application";
		};
/* End PBXNativeTarget section */

/* Begin PBXProject section */
		A431FFFE25E68EDB004EF458 /* Project object */ = {
			isa = PBXProject;
			attributes = {
				LastSwiftUpdateCheck = 1240;
				LastUpgradeCheck = 1240;
				TargetAttributes = {
					A431000525E68EDC004EF458 = {
						CreatedOnToolsVersion = 12.4;
					};
				};
			};
			buildConfigurationList = A431000125E68EDB004EF458 /* Build configuration list for PBXProject "NewsTest" */;
			compatibilityVersion = "Xcode 9.3";
			developmentRegion = en;
			hasScannedForEncodings = 0;
			knownRegions = (
				en,
				Base,
			);
			mainGroup = A431FFFD25E68EDB004EF458;
			productRefGroup = A431000725E68EDC004EF458 /* Products */;
			projectDirPath = "";
			projectRoot = "";
			targets = (
				A431000525E68EDC004EF458 /* NewsTest */,
			);
		};
/* End PBXProject section */

/* Begin PBXResourcesBuildPhase section */
		A431000425E68EDC004EF458 /* Resources */ = {
			isa = PBXResourcesBuildPhase;
			buildActionMask = 2147483647;
			files = (
				A431001125E68EDD004EF458 /* Preview Assets.xcassets in Resources */,
				A431002E25E69139004EF458 /* .gitignore in Resources */,
				A431000E25E68EDD004EF458 /* Assets.xcassets in Resources */,
			);
			runOnlyForDeploymentPostprocessing = 0;
		};
/* End PBXResourcesBuildPhase section */

/* Begin PBXSourcesBuildPhase section */
		A431000225E68EDC004EF458 /* Sources */ = {
			isa = PBXSourcesBuildPhase;
			buildActionMask = 2147483647;
			files = (
				A4B68D8325E733EE002B0CD0 /* Article.swift in Sources */,
				A4B68D8F25E73806002B0CD0 /* TopHeadlinesCell.swift in Sources */,
				A431003825E69252004EF458 /* BaseService.swift in Sources */,
				A431002625E68FD1004EF458 /* APISession.swift in Sources */,
				A431003E25E69785004EF458 /* TopHeadlinesService.swift in Sources */,
				A431003525E6919E004EF458 /* TopHeadlinesEndpoint.swift in Sources */,
				A4B68D8B25E734F1002B0CD0 /* NetworkUtil.swift in Sources */,
				A431002325E68F96004EF458 /* APIError.swift in Sources */,
				A4B68D7E25E73373002B0CD0 /* APIResponse.swift in Sources */,
				A431004125E69827004EF458 /* TopHeadlinesView.swift in Sources */,
				A4B68D9225E73D54002B0CD0 /* APIStatus.swift in Sources */,
				A4B68D7A25E7332A002B0CD0 /* APIKey.swift in Sources */,
				A431003B25E69760004EF458 /* TopHeadlinesResponse.swift in Sources */,
				A4B68D8725E7342B002B0CD0 /* Source.swift in Sources */,
				A431001F25E68F58004EF458 /* APIService.swift in Sources */,
				A431004825E69876004EF458 /* TopHeadlinesViewModel.swift in Sources */,
				A431000A25E68EDC004EF458 /* NewsTestApp.swift in Sources */,
			);
			runOnlyForDeploymentPostprocessing = 0;
		};
/* End PBXSourcesBuildPhase section */

/* Begin XCBuildConfiguration section */
		A431001325E68EDD004EF458 /* Debug */ = {
			isa = XCBuildConfiguration;
			buildSettings = {
				ALWAYS_SEARCH_USER_PATHS = NO;
				CLANG_ANALYZER_NONNULL = YES;
				CLANG_ANALYZER_NUMBER_OBJECT_CONVERSION = YES_AGGRESSIVE;
				CLANG_CXX_LANGUAGE_STANDARD = "gnu++14";
				CLANG_CXX_LIBRARY = "libc++";
				CLANG_ENABLE_MODULES = YES;
				CLANG_ENABLE_OBJC_ARC = YES;
				CLANG_ENABLE_OBJC_WEAK = YES;
				CLANG_WARN_BLOCK_CAPTURE_AUTORELEASING = YES;
				CLANG_WARN_BOOL_CONVERSION = YES;
				CLANG_WARN_COMMA = YES;
				CLANG_WARN_CONSTANT_CONVERSION = YES;
				CLANG_WARN_DEPRECATED_OBJC_IMPLEMENTATIONS = YES;
				CLANG_WARN_DIRECT_OBJC_ISA_USAGE = YES_ERROR;
				CLANG_WARN_DOCUMENTATION_COMMENTS = YES;
				CLANG_WARN_EMPTY_BODY = YES;
				CLANG_WARN_ENUM_CONVERSION = YES;
				CLANG_WARN_INFINITE_RECURSION = YES;
				CLANG_WARN_INT_CONVERSION = YES;
				CLANG_WARN_NON_LITERAL_NULL_CONVERSION = YES;
				CLANG_WARN_OBJC_IMPLICIT_RETAIN_SELF = YES;
				CLANG_WARN_OBJC_LITERAL_CONVERSION = YES;
				CLANG_WARN_OBJC_ROOT_CLASS = YES_ERROR;
				CLANG_WARN_QUOTED_INCLUDE_IN_FRAMEWORK_HEADER = YES;
				CLANG_WARN_RANGE_LOOP_ANALYSIS = YES;
				CLANG_WARN_STRICT_PROTOTYPES = YES;
				CLANG_WARN_SUSPICIOUS_MOVE = YES;
				CLANG_WARN_UNGUARDED_AVAILABILITY = YES_AGGRESSIVE;
				CLANG_WARN_UNREACHABLE_CODE = YES;
				CLANG_WARN__DUPLICATE_METHOD_MATCH = YES;
				COPY_PHASE_STRIP = NO;
				DEBUG_INFORMATION_FORMAT = dwarf;
				ENABLE_STRICT_OBJC_MSGSEND = YES;
				ENABLE_TESTABILITY = YES;
				GCC_C_LANGUAGE_STANDARD = gnu11;
				GCC_DYNAMIC_NO_PIC = NO;
				GCC_NO_COMMON_BLOCKS = YES;
				GCC_OPTIMIZATION_LEVEL = 0;
				GCC_PREPROCESSOR_DEFINITIONS = (
					"DEBUG=1",
					"$(inherited)",
				);
				GCC_WARN_64_TO_32_BIT_CONVERSION = YES;
				GCC_WARN_ABOUT_RETURN_TYPE = YES_ERROR;
				GCC_WARN_UNDECLARED_SELECTOR = YES;
				GCC_WARN_UNINITIALIZED_AUTOS = YES_AGGRESSIVE;
				GCC_WARN_UNUSED_FUNCTION = YES;
				GCC_WARN_UNUSED_VARIABLE = YES;
				IPHONEOS_DEPLOYMENT_TARGET = 14.4;
				MTL_ENABLE_DEBUG_INFO = INCLUDE_SOURCE;
				MTL_FAST_MATH = YES;
				ONLY_ACTIVE_ARCH = YES;
				SDKROOT = iphoneos;
				SWIFT_ACTIVE_COMPILATION_CONDITIONS = DEBUG;
				SWIFT_OPTIMIZATION_LEVEL = "-Onone";
			};
			name = Debug;
		};
		A431001425E68EDD004EF458 /* Release */ = {
			isa = XCBuildConfiguration;
			buildSettings = {
				ALWAYS_SEARCH_USER_PATHS = NO;
				CLANG_ANALYZER_NONNULL = YES;
				CLANG_ANALYZER_NUMBER_OBJECT_CONVERSION = YES_AGGRESSIVE;
				CLANG_CXX_LANGUAGE_STANDARD = "gnu++14";
				CLANG_CXX_LIBRARY = "libc++";
				CLANG_ENABLE_MODULES = YES;
				CLANG_ENABLE_OBJC_ARC = YES;
				CLANG_ENABLE_OBJC_WEAK = YES;
				CLANG_WARN_BLOCK_CAPTURE_AUTORELEASING = YES;
				CLANG_WARN_BOOL_CONVERSION = YES;
				CLANG_WARN_COMMA = YES;
				CLANG_WARN_CONSTANT_CONVERSION = YES;
				CLANG_WARN_DEPRECATED_OBJC_IMPLEMENTATIONS = YES;
				CLANG_WARN_DIRECT_OBJC_ISA_USAGE = YES_ERROR;
				CLANG_WARN_DOCUMENTATION_COMMENTS = YES;
				CLANG_WARN_EMPTY_BODY = YES;
				CLANG_WARN_ENUM_CONVERSION = YES;
				CLANG_WARN_INFINITE_RECURSION = YES;
				CLANG_WARN_INT_CONVERSION = YES;
				CLANG_WARN_NON_LITERAL_NULL_CONVERSION = YES;
				CLANG_WARN_OBJC_IMPLICIT_RETAIN_SELF = YES;
				CLANG_WARN_OBJC_LITERAL_CONVERSION = YES;
				CLANG_WARN_OBJC_ROOT_CLASS = YES_ERROR;
				CLANG_WARN_QUOTED_INCLUDE_IN_FRAMEWORK_HEADER = YES;
				CLANG_WARN_RANGE_LOOP_ANALYSIS = YES;
				CLANG_WARN_STRICT_PROTOTYPES = YES;
				CLANG_WARN_SUSPICIOUS_MOVE = YES;
				CLANG_WARN_UNGUARDED_AVAILABILITY = YES_AGGRESSIVE;
				CLANG_WARN_UNREACHABLE_CODE = YES;
				CLANG_WARN__DUPLICATE_METHOD_MATCH = YES;
				COPY_PHASE_STRIP = NO;
				DEBUG_INFORMATION_FORMAT = "dwarf-with-dsym";
				ENABLE_NS_ASSERTIONS = NO;
				ENABLE_STRICT_OBJC_MSGSEND = YES;
				GCC_C_LANGUAGE_STANDARD = gnu11;
				GCC_NO_COMMON_BLOCKS = YES;
				GCC_WARN_64_TO_32_BIT_CONVERSION = YES;
				GCC_WARN_ABOUT_RETURN_TYPE = YES_ERROR;
				GCC_WARN_UNDECLARED_SELECTOR = YES;
				GCC_WARN_UNINITIALIZED_AUTOS = YES_AGGRESSIVE;
				GCC_WARN_UNUSED_FUNCTION = YES;
				GCC_WARN_UNUSED_VARIABLE = YES;
				IPHONEOS_DEPLOYMENT_TARGET = 14.4;
				MTL_ENABLE_DEBUG_INFO = NO;
				MTL_FAST_MATH = YES;
				SDKROOT = iphoneos;
				SWIFT_COMPILATION_MODE = wholemodule;
				SWIFT_OPTIMIZATION_LEVEL = "-O";
				VALIDATE_PRODUCT = YES;
			};
			name = Release;
		};
		A431001625E68EDD004EF458 /* Debug */ = {
			isa = XCBuildConfiguration;
			buildSettings = {
				ASSETCATALOG_COMPILER_APPICON_NAME = AppIcon;
				ASSETCATALOG_COMPILER_GLOBAL_ACCENT_COLOR_NAME = AccentColor;
				CODE_SIGN_STYLE = Automatic;
				DEVELOPMENT_ASSET_PATHS = "\"NewsTest/Preview Content\"";
				DEVELOPMENT_TEAM = 6U769Q36UT;
				ENABLE_PREVIEWS = YES;
				INFOPLIST_FILE = NewsTest/Info.plist;
				IPHONEOS_DEPLOYMENT_TARGET = 14.0;
				LD_RUNPATH_SEARCH_PATHS = (
					"$(inherited)",
					"@executable_path/Frameworks",
				);
				PRODUCT_BUNDLE_IDENTIFIER = net.aaronlab.NewsTest;
				PRODUCT_NAME = "$(TARGET_NAME)";
				SWIFT_VERSION = 5.0;
				TARGETED_DEVICE_FAMILY = "1,2";
			};
			name = Debug;
		};
		A431001725E68EDD004EF458 /* Release */ = {
			isa = XCBuildConfiguration;
			buildSettings = {
				ASSETCATALOG_COMPILER_APPICON_NAME = AppIcon;
				ASSETCATALOG_COMPILER_GLOBAL_ACCENT_COLOR_NAME = AccentColor;
				CODE_SIGN_STYLE = Automatic;
				DEVELOPMENT_ASSET_PATHS = "\"NewsTest/Preview Content\"";
				DEVELOPMENT_TEAM = 6U769Q36UT;
				ENABLE_PREVIEWS = YES;
				INFOPLIST_FILE = NewsTest/Info.plist;
				IPHONEOS_DEPLOYMENT_TARGET = 14.0;
				LD_RUNPATH_SEARCH_PATHS = (
					"$(inherited)",
					"@executable_path/Frameworks",
				);
				PRODUCT_BUNDLE_IDENTIFIER = net.aaronlab.NewsTest;
				PRODUCT_NAME = "$(TARGET_NAME)";
				SWIFT_VERSION = 5.0;
				TARGETED_DEVICE_FAMILY = "1,2";
			};
			name = Release;
		};
/* End XCBuildConfiguration section */

/* Begin XCConfigurationList section */
		A431000125E68EDB004EF458 /* Build configuration list for PBXProject "NewsTest" */ = {
			isa = XCConfigurationList;
			buildConfigurations = (
				A431001325E68EDD004EF458 /* Debug */,
				A431001425E68EDD004EF458 /* Release */,
			);
			defaultConfigurationIsVisible = 0;
			defaultConfigurationName = Release;
		};
		A431001525E68EDD004EF458 /* Build configuration list for PBXNativeTarget "NewsTest" */ = {
			isa = XCConfigurationList;
			buildConfigurations = (
				A431001625E68EDD004EF458 /* Debug */,
				A431001725E68EDD004EF458 /* Release */,
			);
			defaultConfigurationIsVisible = 0;
			defaultConfigurationName = Release;
		};
/* End XCConfigurationList section */
	};
	rootObject = A431FFFE25E68EDB004EF458 /* Project object */;
}
