// !$*UTF8*$!
{
	archiveVersion = 1;
	classes = {
	};
	objectVersion = 52;
	objects = {

/* Begin PBXBuildFile section */
		A4F90091255EA68300E69803 /* CardNumberOCRExampleApp.swift in Sources */ = {isa = PBXBuildFile; fileRef = A4F90090255EA68300E69803 /* CardNumberOCRExampleApp.swift */; };
		A4F90093255EA68300E69803 /* ContentView.swift in Sources */ = {isa = PBXBuildFile; fileRef = A4F90092255EA68300E69803 /* ContentView.swift */; };
		A4F90095255EA68300E69803 /* Assets.xcassets in Resources */ = {isa = PBXBuildFile; fileRef = A4F90094255EA68300E69803 /* Assets.xcassets */; };
		A4F90098255EA68300E69803 /* Preview Assets.xcassets in Resources */ = {isa = PBXBuildFile; fileRef = A4F90097255EA68300E69803 /* Preview Assets.xcassets */; };
		A4F900A3255EA68400E69803 /* CardNumberOCRExampleTests.swift in Sources */ = {isa = PBXBuildFile; fileRef = A4F900A2255EA68400E69803 /* CardNumberOCRExampleTests.swift */; };
		A4F900AE255EA68400E69803 /* CardNumberOCRExampleUITests.swift in Sources */ = {isa = PBXBuildFile; fileRef = A4F900AD255EA68400E69803 /* CardNumberOCRExampleUITests.swift */; };
		A4F901CC255EAD1200E69803 /* ImageAnalyzer.swift in Sources */ = {isa = PBXBuildFile; fileRef = A4F901C6255EAD1100E69803 /* ImageAnalyzer.swift */; };
		A4F901CD255EAD1200E69803 /* ImageRatio.swift in Sources */ = {isa = PBXBuildFile; fileRef = A4F901C7255EAD1100E69803 /* ImageRatio.swift */; };
		A4F901CE255EAD1200E69803 /* CreditCard.swift in Sources */ = {isa = PBXBuildFile; fileRef = A4F901C8255EAD1100E69803 /* CreditCard.swift */; };
		A4F901CF255EAD1200E69803 /* CreditCardScannerError.swift in Sources */ = {isa = PBXBuildFile; fileRef = A4F901C9255EAD1100E69803 /* CreditCardScannerError.swift */; };
		A4F901D0255EAD1200E69803 /* CameraView.swift in Sources */ = {isa = PBXBuildFile; fileRef = A4F901CA255EAD1200E69803 /* CameraView.swift */; };
		A4F901D1255EAD1200E69803 /* CreditCardScannerViewController.swift in Sources */ = {isa = PBXBuildFile; fileRef = A4F901CB255EAD1200E69803 /* CreditCardScannerViewController.swift */; };
		A4F901D6255EB14F00E69803 /* ScannerView.swift in Sources */ = {isa = PBXBuildFile; fileRef = A4F901D5255EB14F00E69803 /* ScannerView.swift */; };
		A4F901DB255EBBE700E69803 /* NavigationStatus.swift in Sources */ = {isa = PBXBuildFile; fileRef = A4F901DA255EBBE700E69803 /* NavigationStatus.swift */; };
		A4F901E0255EC01B00E69803 /* ResultView.swift in Sources */ = {isa = PBXBuildFile; fileRef = A4F901DF255EC01B00E69803 /* ResultView.swift */; };
		A4F901E9255ECAFC00E69803 /* Reg in Frameworks */ = {isa = PBXBuildFile; productRef = A4F901E8255ECAFC00E69803 /* Reg */; };
		A4F901EE255ECB9500E69803 /* README.md in Resources */ = {isa = PBXBuildFile; fileRef = A4F901ED255ECB9500E69803 /* README.md */; };
/* End PBXBuildFile section */

/* Begin PBXContainerItemProxy section */
		A4F9009F255EA68300E69803 /* PBXContainerItemProxy */ = {
			isa = PBXContainerItemProxy;
			containerPortal = A4F90085255EA68300E69803 /* Project object */;
			proxyType = 1;
			remoteGlobalIDString = A4F9008C255EA68300E69803;
			remoteInfo = CardNumberOCRExample;
		};
		A4F900AA255EA68400E69803 /* PBXContainerItemProxy */ = {
			isa = PBXContainerItemProxy;
			containerPortal = A4F90085255EA68300E69803 /* Project object */;
			proxyType = 1;
			remoteGlobalIDString = A4F9008C255EA68300E69803;
			remoteInfo = CardNumberOCRExample;
		};
/* End PBXContainerItemProxy section */

/* Begin PBXFileReference section */
		A4F9008D255EA68300E69803 /* CardNumberOCRExample.app */ = {isa = PBXFileReference; explicitFileType = wrapper.application; includeInIndex = 0; path = CardNumberOCRExample.app; sourceTree = BUILT_PRODUCTS_DIR; };
		A4F90090255EA68300E69803 /* CardNumberOCRExampleApp.swift */ = {isa = PBXFileReference; lastKnownFileType = sourcecode.swift; path = CardNumberOCRExampleApp.swift; sourceTree = "<group>"; };
		A4F90092255EA68300E69803 /* ContentView.swift */ = {isa = PBXFileReference; lastKnownFileType = sourcecode.swift; path = ContentView.swift; sourceTree = "<group>"; };
		A4F90094255EA68300E69803 /* Assets.xcassets */ = {isa = PBXFileReference; lastKnownFileType = folder.assetcatalog; path = Assets.xcassets; sourceTree = "<group>"; };
		A4F90097255EA68300E69803 /* Preview Assets.xcassets */ = {isa = PBXFileReference; lastKnownFileType = folder.assetcatalog; path = "Preview Assets.xcassets"; sourceTree = "<group>"; };
		A4F90099255EA68300E69803 /* Info.plist */ = {isa = PBXFileReference; lastKnownFileType = text.plist.xml; path = Info.plist; sourceTree = "<group>"; };
		A4F9009E255EA68300E69803 /* CardNumberOCRExampleTests.xctest */ = {isa = PBXFileReference; explicitFileType = wrapper.cfbundle; includeInIndex = 0; path = CardNumberOCRExampleTests.xctest; sourceTree = BUILT_PRODUCTS_DIR; };
		A4F900A2255EA68400E69803 /* CardNumberOCRExampleTests.swift */ = {isa = PBXFileReference; lastKnownFileType = sourcecode.swift; path = CardNumberOCRExampleTests.swift; sourceTree = "<group>"; };
		A4F900A4255EA68400E69803 /* Info.plist */ = {isa = PBXFileReference; lastKnownFileType = text.plist.xml; path = Info.plist; sourceTree = "<group>"; };
		A4F900A9255EA68400E69803 /* CardNumberOCRExampleUITests.xctest */ = {isa = PBXFileReference; explicitFileType = wrapper.cfbundle; includeInIndex = 0; path = CardNumberOCRExampleUITests.xctest; sourceTree = BUILT_PRODUCTS_DIR; };
		A4F900AD255EA68400E69803 /* CardNumberOCRExampleUITests.swift */ = {isa = PBXFileReference; lastKnownFileType = sourcecode.swift; path = CardNumberOCRExampleUITests.swift; sourceTree = "<group>"; };
		A4F900AF255EA68400E69803 /* Info.plist */ = {isa = PBXFileReference; lastKnownFileType = text.plist.xml; path = Info.plist; sourceTree = "<group>"; };
		A4F901C6255EAD1100E69803 /* ImageAnalyzer.swift */ = {isa = PBXFileReference; fileEncoding = 4; lastKnownFileType = sourcecode.swift; path = ImageAnalyzer.swift; sourceTree = "<group>"; };
		A4F901C7255EAD1100E69803 /* ImageRatio.swift */ = {isa = PBXFileReference; fileEncoding = 4; lastKnownFileType = sourcecode.swift; path = ImageRatio.swift; sourceTree = "<group>"; };
		A4F901C8255EAD1100E69803 /* CreditCard.swift */ = {isa = PBXFileReference; fileEncoding = 4; lastKnownFileType = sourcecode.swift; path = CreditCard.swift; sourceTree = "<group>"; };
		A4F901C9255EAD1100E69803 /* CreditCardScannerError.swift */ = {isa = PBXFileReference; fileEncoding = 4; lastKnownFileType = sourcecode.swift; path = CreditCardScannerError.swift; sourceTree = "<group>"; };
		A4F901CA255EAD1200E69803 /* CameraView.swift */ = {isa = PBXFileReference; fileEncoding = 4; lastKnownFileType = sourcecode.swift; path = CameraView.swift; sourceTree = "<group>"; };
		A4F901CB255EAD1200E69803 /* CreditCardScannerViewController.swift */ = {isa = PBXFileReference; fileEncoding = 4; lastKnownFileType = sourcecode.swift; path = CreditCardScannerViewController.swift; sourceTree = "<group>"; };
		A4F901D5255EB14F00E69803 /* ScannerView.swift */ = {isa = PBXFileReference; lastKnownFileType = sourcecode.swift; path = ScannerView.swift; sourceTree = "<group>"; };
		A4F901DA255EBBE700E69803 /* NavigationStatus.swift */ = {isa = PBXFileReference; lastKnownFileType = sourcecode.swift; path = NavigationStatus.swift; sourceTree = "<group>"; };
		A4F901DF255EC01B00E69803 /* ResultView.swift */ = {isa = PBXFileReference; lastKnownFileType = sourcecode.swift; path = ResultView.swift; sourceTree = "<group>"; };
		A4F901ED255ECB9500E69803 /* README.md */ = {isa = PBXFileReference; lastKnownFileType = net.daringfireball.markdown; path = README.md; sourceTree = "<group>"; };
/* End PBXFileReference section */

/* Begin PBXFrameworksBuildPhase section */
		A4F9008A255EA68300E69803 /* Frameworks */ = {
			isa = PBXFrameworksBuildPhase;
			buildActionMask = 2147483647;
			files = (
				A4F901E9255ECAFC00E69803 /* Reg in Frameworks */,
			);
			runOnlyForDeploymentPostprocessing = 0;
		};
		A4F9009B255EA68300E69803 /* Frameworks */ = {
			isa = PBXFrameworksBuildPhase;
			buildActionMask = 2147483647;
			files = (
			);
			runOnlyForDeploymentPostprocessing = 0;
		};
		A4F900A6255EA68400E69803 /* Frameworks */ = {
			isa = PBXFrameworksBuildPhase;
			buildActionMask = 2147483647;
			files = (
			);
			runOnlyForDeploymentPostprocessing = 0;
		};
/* End PBXFrameworksBuildPhase section */

/* Begin PBXGroup section */
		A4F90084255EA68300E69803 = {
			isa = PBXGroup;
			children = (
				A4F901ED255ECB9500E69803 /* README.md */,
				A4F9008F255EA68300E69803 /* CardNumberOCRExample */,
				A4F900A1255EA68400E69803 /* CardNumberOCRExampleTests */,
				A4F900AC255EA68400E69803 /* CardNumberOCRExampleUITests */,
				A4F9008E255EA68300E69803 /* Products */,
			);
			sourceTree = "<group>";
		};
		A4F9008E255EA68300E69803 /* Products */ = {
			isa = PBXGroup;
			children = (
				A4F9008D255EA68300E69803 /* CardNumberOCRExample.app */,
				A4F9009E255EA68300E69803 /* CardNumberOCRExampleTests.xctest */,
				A4F900A9255EA68400E69803 /* CardNumberOCRExampleUITests.xctest */,
			);
			name = Products;
			sourceTree = "<group>";
		};
		A4F9008F255EA68300E69803 /* CardNumberOCRExample */ = {
			isa = PBXGroup;
			children = (
				A4F901C5255EACF900E69803 /* CreditCardScanner */,
				A4F90090255EA68300E69803 /* CardNumberOCRExampleApp.swift */,
				A4F90092255EA68300E69803 /* ContentView.swift */,
				A4F901DF255EC01B00E69803 /* ResultView.swift */,
				A4F90094255EA68300E69803 /* Assets.xcassets */,
				A4F90099255EA68300E69803 /* Info.plist */,
				A4F90096255EA68300E69803 /* Preview Content */,
				A4F901D5255EB14F00E69803 /* ScannerView.swift */,
				A4F901DA255EBBE700E69803 /* NavigationStatus.swift */,
			);
			path = CardNumberOCRExample;
			sourceTree = "<group>";
		};
		A4F90096255EA68300E69803 /* Preview Content */ = {
			isa = PBXGroup;
			children = (
				A4F90097255EA68300E69803 /* Preview Assets.xcassets */,
			);
			path = "Preview Content";
			sourceTree = "<group>";
		};
		A4F900A1255EA68400E69803 /* CardNumberOCRExampleTests */ = {
			isa = PBXGroup;
			children = (
				A4F900A2255EA68400E69803 /* CardNumberOCRExampleTests.swift */,
				A4F900A4255EA68400E69803 /* Info.plist */,
			);
			path = CardNumberOCRExampleTests;
			sourceTree = "<group>";
		};
		A4F900AC255EA68400E69803 /* CardNumberOCRExampleUITests */ = {
			isa = PBXGroup;
			children = (
				A4F900AD255EA68400E69803 /* CardNumberOCRExampleUITests.swift */,
				A4F900AF255EA68400E69803 /* Info.plist */,
			);
			path = CardNumberOCRExampleUITests;
			sourceTree = "<group>";
		};
		A4F901C5255EACF900E69803 /* CreditCardScanner */ = {
			isa = PBXGroup;
			children = (
				A4F901CA255EAD1200E69803 /* CameraView.swift */,
				A4F901C8255EAD1100E69803 /* CreditCard.swift */,
				A4F901C9255EAD1100E69803 /* CreditCardScannerError.swift */,
				A4F901CB255EAD1200E69803 /* CreditCardScannerViewController.swift */,
				A4F901C6255EAD1100E69803 /* ImageAnalyzer.swift */,
				A4F901C7255EAD1100E69803 /* ImageRatio.swift */,
			);
			path = CreditCardScanner;
			sourceTree = "<group>";
		};
/* End PBXGroup section */

/* Begin PBXNativeTarget section */
		A4F9008C255EA68300E69803 /* CardNumberOCRExample */ = {
			isa = PBXNativeTarget;
			buildConfigurationList = A4F900B2255EA68400E69803 /* Build configuration list for PBXNativeTarget "CardNumberOCRExample" */;
			buildPhases = (
				A4F90089255EA68300E69803 /* Sources */,
				A4F9008A255EA68300E69803 /* Frameworks */,
				A4F9008B255EA68300E69803 /* Resources */,
			);
			buildRules = (
			);
			dependencies = (
			);
			name = CardNumberOCRExample;
			packageProductDependencies = (
				A4F901E8255ECAFC00E69803 /* Reg */,
			);
			productName = CardNumberOCRExample;
			productReference = A4F9008D255EA68300E69803 /* CardNumberOCRExample.app */;
			productType = "com.apple.product-type.application";
		};
		A4F9009D255EA68300E69803 /* CardNumberOCRExampleTests */ = {
			isa = PBXNativeTarget;
			buildConfigurationList = A4F900B5255EA68400E69803 /* Build configuration list for PBXNativeTarget "CardNumberOCRExampleTests" */;
			buildPhases = (
				A4F9009A255EA68300E69803 /* Sources */,
				A4F9009B255EA68300E69803 /* Frameworks */,
				A4F9009C255EA68300E69803 /* Resources */,
			);
			buildRules = (
			);
			dependencies = (
				A4F900A0255EA68300E69803 /* PBXTargetDependency */,
			);
			name = CardNumberOCRExampleTests;
			productName = CardNumberOCRExampleTests;
			productReference = A4F9009E255EA68300E69803 /* CardNumberOCRExampleTests.xctest */;
			productType = "com.apple.product-type.bundle.unit-test";
		};
		A4F900A8255EA68400E69803 /* CardNumberOCRExampleUITests */ = {
			isa = PBXNativeTarget;
			buildConfigurationList = A4F900B8255EA68400E69803 /* Build configuration list for PBXNativeTarget "CardNumberOCRExampleUITests" */;
			buildPhases = (
				A4F900A5255EA68400E69803 /* Sources */,
				A4F900A6255EA68400E69803 /* Frameworks */,
				A4F900A7255EA68400E69803 /* Resources */,
			);
			buildRules = (
			);
			dependencies = (
				A4F900AB255EA68400E69803 /* PBXTargetDependency */,
			);
			name = CardNumberOCRExampleUITests;
			productName = CardNumberOCRExampleUITests;
			productReference = A4F900A9255EA68400E69803 /* CardNumberOCRExampleUITests.xctest */;
			productType = "com.apple.product-type.bundle.ui-testing";
		};
/* End PBXNativeTarget section */

/* Begin PBXProject section */
		A4F90085255EA68300E69803 /* Project object */ = {
			isa = PBXProject;
			attributes = {
				LastSwiftUpdateCheck = 1210;
				LastUpgradeCheck = 1210;
				TargetAttributes = {
					A4F9008C255EA68300E69803 = {
						CreatedOnToolsVersion = 12.1;
					};
					A4F9009D255EA68300E69803 = {
						CreatedOnToolsVersion = 12.1;
						TestTargetID = A4F9008C255EA68300E69803;
					};
					A4F900A8255EA68400E69803 = {
						CreatedOnToolsVersion = 12.1;
						TestTargetID = A4F9008C255EA68300E69803;
					};
				};
			};
			buildConfigurationList = A4F90088255EA68300E69803 /* Build configuration list for PBXProject "CardNumberOCRExample" */;
			compatibilityVersion = "Xcode 9.3";
			developmentRegion = en;
			hasScannedForEncodings = 0;
			knownRegions = (
				en,
				Base,
			);
			mainGroup = A4F90084255EA68300E69803;
			packageReferences = (
				A4F901E7255ECAFC00E69803 /* XCRemoteSwiftPackageReference "Reg" */,
			);
			productRefGroup = A4F9008E255EA68300E69803 /* Products */;
			projectDirPath = "";
			projectRoot = "";
			targets = (
				A4F9008C255EA68300E69803 /* CardNumberOCRExample */,
				A4F9009D255EA68300E69803 /* CardNumberOCRExampleTests */,
				A4F900A8255EA68400E69803 /* CardNumberOCRExampleUITests */,
			);
		};
/* End PBXProject section */

/* Begin PBXResourcesBuildPhase section */
		A4F9008B255EA68300E69803 /* Resources */ = {
			isa = PBXResourcesBuildPhase;
			buildActionMask = 2147483647;
			files = (
				A4F901EE255ECB9500E69803 /* README.md in Resources */,
				A4F90098255EA68300E69803 /* Preview Assets.xcassets in Resources */,
				A4F90095255EA68300E69803 /* Assets.xcassets in Resources */,
			);
			runOnlyForDeploymentPostprocessing = 0;
		};
		A4F9009C255EA68300E69803 /* Resources */ = {
			isa = PBXResourcesBuildPhase;
			buildActionMask = 2147483647;
			files = (
			);
			runOnlyForDeploymentPostprocessing = 0;
		};
		A4F900A7255EA68400E69803 /* Resources */ = {
			isa = PBXResourcesBuildPhase;
			buildActionMask = 2147483647;
			files = (
			);
			runOnlyForDeploymentPostprocessing = 0;
		};
/* End PBXResourcesBuildPhase section */

/* Begin PBXSourcesBuildPhase section */
		A4F90089255EA68300E69803 /* Sources */ = {
			isa = PBXSourcesBuildPhase;
			buildActionMask = 2147483647;
			files = (
				A4F901D6255EB14F00E69803 /* ScannerView.swift in Sources */,
				A4F901CF255EAD1200E69803 /* CreditCardScannerError.swift in Sources */,
				A4F901E0255EC01B00E69803 /* ResultView.swift in Sources */,
				A4F901D0255EAD1200E69803 /* CameraView.swift in Sources */,
				A4F90093255EA68300E69803 /* ContentView.swift in Sources */,
				A4F901CE255EAD1200E69803 /* CreditCard.swift in Sources */,
				A4F901CD255EAD1200E69803 /* ImageRatio.swift in Sources */,
				A4F901CC255EAD1200E69803 /* ImageAnalyzer.swift in Sources */,
				A4F901DB255EBBE700E69803 /* NavigationStatus.swift in Sources */,
				A4F901D1255EAD1200E69803 /* CreditCardScannerViewController.swift in Sources */,
				A4F90091255EA68300E69803 /* CardNumberOCRExampleApp.swift in Sources */,
			);
			runOnlyForDeploymentPostprocessing = 0;
		};
		A4F9009A255EA68300E69803 /* Sources */ = {
			isa = PBXSourcesBuildPhase;
			buildActionMask = 2147483647;
			files = (
				A4F900A3255EA68400E69803 /* CardNumberOCRExampleTests.swift in Sources */,
			);
			runOnlyForDeploymentPostprocessing = 0;
		};
		A4F900A5255EA68400E69803 /* Sources */ = {
			isa = PBXSourcesBuildPhase;
			buildActionMask = 2147483647;
			files = (
				A4F900AE255EA68400E69803 /* CardNumberOCRExampleUITests.swift in Sources */,
			);
			runOnlyForDeploymentPostprocessing = 0;
		};
/* End PBXSourcesBuildPhase section */

/* Begin PBXTargetDependency section */
		A4F900A0255EA68300E69803 /* PBXTargetDependency */ = {
			isa = PBXTargetDependency;
			target = A4F9008C255EA68300E69803 /* CardNumberOCRExample */;
			targetProxy = A4F9009F255EA68300E69803 /* PBXContainerItemProxy */;
		};
		A4F900AB255EA68400E69803 /* PBXTargetDependency */ = {
			isa = PBXTargetDependency;
			target = A4F9008C255EA68300E69803 /* CardNumberOCRExample */;
			targetProxy = A4F900AA255EA68400E69803 /* PBXContainerItemProxy */;
		};
/* End PBXTargetDependency section */

/* Begin XCBuildConfiguration section */
		A4F900B0255EA68400E69803 /* Debug */ = {
			isa = XCBuildConfiguration;
			buildSettings = {
				ALWAYS_SEARCH_USER_PATHS = NO;
				CLANG_ANALYZER_NONNULL = YES;
				CLANG_ANALYZER_NUMBER_OBJECT_CONVERSION = YES_AGGRESSIVE;
				CLANG_CXX_LANGUAGE_STANDARD = "gnu++14";
				CLANG_CXX_LIBRARY = "libc++";
				CLANG_ENABLE_MODULES = YES;
				CLANG_ENABLE_OBJC_ARC = YES;
				CLANG_ENABLE_OBJC_WEAK = YES;
				CLANG_WARN_BLOCK_CAPTURE_AUTORELEASING = YES;
				CLANG_WARN_BOOL_CONVERSION = YES;
				CLANG_WARN_COMMA = YES;
				CLANG_WARN_CONSTANT_CONVERSION = YES;
				CLANG_WARN_DEPRECATED_OBJC_IMPLEMENTATIONS = YES;
				CLANG_WARN_DIRECT_OBJC_ISA_USAGE = YES_ERROR;
				CLANG_WARN_DOCUMENTATION_COMMENTS = YES;
				CLANG_WARN_EMPTY_BODY = YES;
				CLANG_WARN_ENUM_CONVERSION = YES;
				CLANG_WARN_INFINITE_RECURSION = YES;
				CLANG_WARN_INT_CONVERSION = YES;
				CLANG_WARN_NON_LITERAL_NULL_CONVERSION = YES;
				CLANG_WARN_OBJC_IMPLICIT_RETAIN_SELF = YES;
				CLANG_WARN_OBJC_LITERAL_CONVERSION = YES;
				CLANG_WARN_OBJC_ROOT_CLASS = YES_ERROR;
				CLANG_WARN_QUOTED_INCLUDE_IN_FRAMEWORK_HEADER = YES;
				CLANG_WARN_RANGE_LOOP_ANALYSIS = YES;
				CLANG_WARN_STRICT_PROTOTYPES = YES;
				CLANG_WARN_SUSPICIOUS_MOVE = YES;
				CLANG_WARN_UNGUARDED_AVAILABILITY = YES_AGGRESSIVE;
				CLANG_WARN_UNREACHABLE_CODE = YES;
				CLANG_WARN__DUPLICATE_METHOD_MATCH = YES;
				COPY_PHASE_STRIP = NO;
				DEBUG_INFORMATION_FORMAT = dwarf;
				ENABLE_STRICT_OBJC_MSGSEND = YES;
				ENABLE_TESTABILITY = YES;
				GCC_C_LANGUAGE_STANDARD = gnu11;
				GCC_DYNAMIC_NO_PIC = NO;
				GCC_NO_COMMON_BLOCKS = YES;
				GCC_OPTIMIZATION_LEVEL = 0;
				GCC_PREPROCESSOR_DEFINITIONS = (
					"DEBUG=1",
					"$(inherited)",
				);
				GCC_WARN_64_TO_32_BIT_CONVERSION = YES;
				GCC_WARN_ABOUT_RETURN_TYPE = YES_ERROR;
				GCC_WARN_UNDECLARED_SELECTOR = YES;
				GCC_WARN_UNINITIALIZED_AUTOS = YES_AGGRESSIVE;
				GCC_WARN_UNUSED_FUNCTION = YES;
				GCC_WARN_UNUSED_VARIABLE = YES;
				IPHONEOS_DEPLOYMENT_TARGET = 14.1;
				MTL_ENABLE_DEBUG_INFO = INCLUDE_SOURCE;
				MTL_FAST_MATH = YES;
				ONLY_ACTIVE_ARCH = YES;
				SDKROOT = iphoneos;
				SWIFT_ACTIVE_COMPILATION_CONDITIONS = DEBUG;
				SWIFT_OPTIMIZATION_LEVEL = "-Onone";
			};
			name = Debug;
		};
		A4F900B1255EA68400E69803 /* Release */ = {
			isa = XCBuildConfiguration;
			buildSettings = {
				ALWAYS_SEARCH_USER_PATHS = NO;
				CLANG_ANALYZER_NONNULL = YES;
				CLANG_ANALYZER_NUMBER_OBJECT_CONVERSION = YES_AGGRESSIVE;
				CLANG_CXX_LANGUAGE_STANDARD = "gnu++14";
				CLANG_CXX_LIBRARY = "libc++";
				CLANG_ENABLE_MODULES = YES;
				CLANG_ENABLE_OBJC_ARC = YES;
				CLANG_ENABLE_OBJC_WEAK = YES;
				CLANG_WARN_BLOCK_CAPTURE_AUTORELEASING = YES;
				CLANG_WARN_BOOL_CONVERSION = YES;
				CLANG_WARN_COMMA = YES;
				CLANG_WARN_CONSTANT_CONVERSION = YES;
				CLANG_WARN_DEPRECATED_OBJC_IMPLEMENTATIONS = YES;
				CLANG_WARN_DIRECT_OBJC_ISA_USAGE = YES_ERROR;
				CLANG_WARN_DOCUMENTATION_COMMENTS = YES;
				CLANG_WARN_EMPTY_BODY = YES;
				CLANG_WARN_ENUM_CONVERSION = YES;
				CLANG_WARN_INFINITE_RECURSION = YES;
				CLANG_WARN_INT_CONVERSION = YES;
				CLANG_WARN_NON_LITERAL_NULL_CONVERSION = YES;
				CLANG_WARN_OBJC_IMPLICIT_RETAIN_SELF = YES;
				CLANG_WARN_OBJC_LITERAL_CONVERSION = YES;
				CLANG_WARN_OBJC_ROOT_CLASS = YES_ERROR;
				CLANG_WARN_QUOTED_INCLUDE_IN_FRAMEWORK_HEADER = YES;
				CLANG_WARN_RANGE_LOOP_ANALYSIS = YES;
				CLANG_WARN_STRICT_PROTOTYPES = YES;
				CLANG_WARN_SUSPICIOUS_MOVE = YES;
				CLANG_WARN_UNGUARDED_AVAILABILITY = YES_AGGRESSIVE;
				CLANG_WARN_UNREACHABLE_CODE = YES;
				CLANG_WARN__DUPLICATE_METHOD_MATCH = YES;
				COPY_PHASE_STRIP = NO;
				DEBUG_INFORMATION_FORMAT = "dwarf-with-dsym";
				ENABLE_NS_ASSERTIONS = NO;
				ENABLE_STRICT_OBJC_MSGSEND = YES;
				GCC_C_LANGUAGE_STANDARD = gnu11;
				GCC_NO_COMMON_BLOCKS = YES;
				GCC_WARN_64_TO_32_BIT_CONVERSION = YES;
				GCC_WARN_ABOUT_RETURN_TYPE = YES_ERROR;
				GCC_WARN_UNDECLARED_SELECTOR = YES;
				GCC_WARN_UNINITIALIZED_AUTOS = YES_AGGRESSIVE;
				GCC_WARN_UNUSED_FUNCTION = YES;
				GCC_WARN_UNUSED_VARIABLE = YES;
				IPHONEOS_DEPLOYMENT_TARGET = 14.1;
				MTL_ENABLE_DEBUG_INFO = NO;
				MTL_FAST_MATH = YES;
				SDKROOT = iphoneos;
				SWIFT_COMPILATION_MODE = wholemodule;
				SWIFT_OPTIMIZATION_LEVEL = "-O";
				VALIDATE_PRODUCT = YES;
			};
			name = Release;
		};
		A4F900B3255EA68400E69803 /* Debug */ = {
			isa = XCBuildConfiguration;
			buildSettings = {
				ASSETCATALOG_COMPILER_APPICON_NAME = AppIcon;
				ASSETCATALOG_COMPILER_GLOBAL_ACCENT_COLOR_NAME = AccentColor;
				CODE_SIGN_STYLE = Automatic;
				DEVELOPMENT_ASSET_PATHS = "\"CardNumberOCRExample/Preview Content\"";
				DEVELOPMENT_TEAM = 6U769Q36UT;
				ENABLE_PREVIEWS = YES;
				INFOPLIST_FILE = CardNumberOCRExample/Info.plist;
				IPHONEOS_DEPLOYMENT_TARGET = 14.0;
				LD_RUNPATH_SEARCH_PATHS = (
					"$(inherited)",
					"@executable_path/Frameworks",
				);
				PRODUCT_BUNDLE_IDENTIFIER = net.aaronlab.CardNumberOCRExample;
				PRODUCT_NAME = "$(TARGET_NAME)";
				SWIFT_VERSION = 5.0;
				TARGETED_DEVICE_FAMILY = "1,2";
			};
			name = Debug;
		};
		A4F900B4255EA68400E69803 /* Release */ = {
			isa = XCBuildConfiguration;
			buildSettings = {
				ASSETCATALOG_COMPILER_APPICON_NAME = AppIcon;
				ASSETCATALOG_COMPILER_GLOBAL_ACCENT_COLOR_NAME = AccentColor;
				CODE_SIGN_STYLE = Automatic;
				DEVELOPMENT_ASSET_PATHS = "\"CardNumberOCRExample/Preview Content\"";
				DEVELOPMENT_TEAM = 6U769Q36UT;
				ENABLE_PREVIEWS = YES;
				INFOPLIST_FILE = CardNumberOCRExample/Info.plist;
				IPHONEOS_DEPLOYMENT_TARGET = 14.0;
				LD_RUNPATH_SEARCH_PATHS = (
					"$(inherited)",
					"@executable_path/Frameworks",
				);
				PRODUCT_BUNDLE_IDENTIFIER = net.aaronlab.CardNumberOCRExample;
				PRODUCT_NAME = "$(TARGET_NAME)";
				SWIFT_VERSION = 5.0;
				TARGETED_DEVICE_FAMILY = "1,2";
			};
			name = Release;
		};
		A4F900B6255EA68400E69803 /* Debug */ = {
			isa = XCBuildConfiguration;
			buildSettings = {
				ALWAYS_EMBED_SWIFT_STANDARD_LIBRARIES = YES;
				BUNDLE_LOADER = "$(TEST_HOST)";
				CODE_SIGN_STYLE = Automatic;
				DEVELOPMENT_TEAM = 6U769Q36UT;
				INFOPLIST_FILE = CardNumberOCRExampleTests/Info.plist;
				IPHONEOS_DEPLOYMENT_TARGET = 14.0;
				LD_RUNPATH_SEARCH_PATHS = (
					"$(inherited)",
					"@executable_path/Frameworks",
					"@loader_path/Frameworks",
				);
				PRODUCT_BUNDLE_IDENTIFIER = net.aaronlab.CardNumberOCRExampleTests;
				PRODUCT_NAME = "$(TARGET_NAME)";
				SWIFT_VERSION = 5.0;
				TARGETED_DEVICE_FAMILY = "1,2";
				TEST_HOST = "$(BUILT_PRODUCTS_DIR)/CardNumberOCRExample.app/CardNumberOCRExample";
			};
			name = Debug;
		};
		A4F900B7255EA68400E69803 /* Release */ = {
			isa = XCBuildConfiguration;
			buildSettings = {
				ALWAYS_EMBED_SWIFT_STANDARD_LIBRARIES = YES;
				BUNDLE_LOADER = "$(TEST_HOST)";
				CODE_SIGN_STYLE = Automatic;
				DEVELOPMENT_TEAM = 6U769Q36UT;
				INFOPLIST_FILE = CardNumberOCRExampleTests/Info.plist;
				IPHONEOS_DEPLOYMENT_TARGET = 14.0;
				LD_RUNPATH_SEARCH_PATHS = (
					"$(inherited)",
					"@executable_path/Frameworks",
					"@loader_path/Frameworks",
				);
				PRODUCT_BUNDLE_IDENTIFIER = net.aaronlab.CardNumberOCRExampleTests;
				PRODUCT_NAME = "$(TARGET_NAME)";
				SWIFT_VERSION = 5.0;
				TARGETED_DEVICE_FAMILY = "1,2";
				TEST_HOST = "$(BUILT_PRODUCTS_DIR)/CardNumberOCRExample.app/CardNumberOCRExample";
			};
			name = Release;
		};
		A4F900B9255EA68400E69803 /* Debug */ = {
			isa = XCBuildConfiguration;
			buildSettings = {
				ALWAYS_EMBED_SWIFT_STANDARD_LIBRARIES = YES;
				CODE_SIGN_STYLE = Automatic;
				DEVELOPMENT_TEAM = 6U769Q36UT;
				INFOPLIST_FILE = CardNumberOCRExampleUITests/Info.plist;
				LD_RUNPATH_SEARCH_PATHS = (
					"$(inherited)",
					"@executable_path/Frameworks",
					"@loader_path/Frameworks",
				);
				PRODUCT_BUNDLE_IDENTIFIER = net.aaronlab.CardNumberOCRExampleUITests;
				PRODUCT_NAME = "$(TARGET_NAME)";
				SWIFT_VERSION = 5.0;
				TARGETED_DEVICE_FAMILY = "1,2";
				TEST_TARGET_NAME = CardNumberOCRExample;
			};
			name = Debug;
		};
		A4F900BA255EA68400E69803 /* Release */ = {
			isa = XCBuildConfiguration;
			buildSettings = {
				ALWAYS_EMBED_SWIFT_STANDARD_LIBRARIES = YES;
				CODE_SIGN_STYLE = Automatic;
				DEVELOPMENT_TEAM = 6U769Q36UT;
				INFOPLIST_FILE = CardNumberOCRExampleUITests/Info.plist;
				LD_RUNPATH_SEARCH_PATHS = (
					"$(inherited)",
					"@executable_path/Frameworks",
					"@loader_path/Frameworks",
				);
				PRODUCT_BUNDLE_IDENTIFIER = net.aaronlab.CardNumberOCRExampleUITests;
				PRODUCT_NAME = "$(TARGET_NAME)";
				SWIFT_VERSION = 5.0;
				TARGETED_DEVICE_FAMILY = "1,2";
				TEST_TARGET_NAME = CardNumberOCRExample;
			};
			name = Release;
		};
/* End XCBuildConfiguration section */

/* Begin XCConfigurationList section */
		A4F90088255EA68300E69803 /* Build configuration list for PBXProject "CardNumberOCRExample" */ = {
			isa = XCConfigurationList;
			buildConfigurations = (
				A4F900B0255EA68400E69803 /* Debug */,
				A4F900B1255EA68400E69803 /* Release */,
			);
			defaultConfigurationIsVisible = 0;
			defaultConfigurationName = Release;
		};
		A4F900B2255EA68400E69803 /* Build configuration list for PBXNativeTarget "CardNumberOCRExample" */ = {
			isa = XCConfigurationList;
			buildConfigurations = (
				A4F900B3255EA68400E69803 /* Debug */,
				A4F900B4255EA68400E69803 /* Release */,
			);
			defaultConfigurationIsVisible = 0;
			defaultConfigurationName = Release;
		};
		A4F900B5255EA68400E69803 /* Build configuration list for PBXNativeTarget "CardNumberOCRExampleTests" */ = {
			isa = XCConfigurationList;
			buildConfigurations = (
				A4F900B6255EA68400E69803 /* Debug */,
				A4F900B7255EA68400E69803 /* Release */,
			);
			defaultConfigurationIsVisible = 0;
			defaultConfigurationName = Release;
		};
		A4F900B8255EA68400E69803 /* Build configuration list for PBXNativeTarget "CardNumberOCRExampleUITests" */ = {
			isa = XCConfigurationList;
			buildConfigurations = (
				A4F900B9255EA68400E69803 /* Debug */,
				A4F900BA255EA68400E69803 /* Release */,
			);
			defaultConfigurationIsVisible = 0;
			defaultConfigurationName = Release;
		};
/* End XCConfigurationList section */

/* Begin XCRemoteSwiftPackageReference section */
		A4F901E7255ECAFC00E69803 /* XCRemoteSwiftPackageReference "Reg" */ = {
			isa = XCRemoteSwiftPackageReference;
			repositoryURL = "https://github.com/yhkaplan/Reg";
			requirement = {
				kind = upToNextMajorVersion;
				minimumVersion = 0.3.0;
			};
		};
/* End XCRemoteSwiftPackageReference section */

/* Begin XCSwiftPackageProductDependency section */
		A4F901E8255ECAFC00E69803 /* Reg */ = {
			isa = XCSwiftPackageProductDependency;
			package = A4F901E7255ECAFC00E69803 /* XCRemoteSwiftPackageReference "Reg" */;
			productName = Reg;
		};
/* End XCSwiftPackageProductDependency section */
	};
	rootObject = A4F90085255EA68300E69803 /* Project object */;
}
